{
  "pins" : [
    {
      "identity" : "swifteventbus",
      "kind" : "remoteSourceControl",
      "location" : "https://github.com/cesarferreira/SwiftEventBus.git",
      "state" : {
        "revision" : "588722d006bf04dd4e9feec4853cc9d1cc25b656",
        "version" : "5.3.0"
      }
    },
    {
      "identity" : "unleash-proxy-client-swift",
      "kind" : "remoteSourceControl",
      "location" : "https://github.com/Unleash/unleash-proxy-client-swift",
      "state" : {
        "revision" : "b03036b40dca2793b90ce7bddbb5184b8aa7dd04",
        "version" : "2.5.0"
      }
    }
  ],
  "version" : 2
}
