PODS:
  - Apollo (1.0.7):
    - Apollo/Core (= 1.0.7)
  - Apollo/Core (1.0.7)
  - Auth0 (2.3.2):
    - JWTDecode (~> 3.0)
    - SimpleKeychain (~> 1.0)
  - JWTDecode (3.0.1)
  - SimpleKeychain (1.0.1)

DEPENDENCIES:
  - Apollo (= 1.0.7)
  - Auth0

SPEC REPOS:
  trunk:
    - Apollo
    - Auth0
    - JWTDecode
    - SimpleKeychain

SPEC CHECKSUMS:
  Apollo: 4db36a7f08ded7a9f73a72eb90457d98dc4c68f9
  Auth0: 64da28fdc5cd499aa516dc4bfd0ace8efae2c1da
  JWTDecode: 2eed97c2fa46ccaf3049a787004eedf0be474a87
  SimpleKeychain: 130211269f88f038d7dc5254cf0b1b9ce978c398

PODFILE CHECKSUM: 00f57f71f87bc735e9660cc13b565e6c61888fea

COCOAPODS: 1.12.0
