PODS:
  - Apollo (1.7.0):
    - Apollo/Core (= 1.7.0)
  - Apollo/Core (1.7.0)
  - Auth0 (2.5.0):
    - JWTDecode (~> 3.1)
    - SimpleKeychain (~> 1.1)
  - JWTDecode (3.1.0)
  - Rudder (2.4.2)
  - SimpleKeychain (1.1.0)
  - YouboraAVPlayerAdapter (6.7.3):
    - YouboraLib (~> 6.6)
  - YouboraLib (6.7.7)

DEPENDENCIES:
  - Apollo
  - Auth0
  - Rudder
  - YouboraAVPlayerAdapter
  - YouboraLib

SPEC REPOS:
  trunk:
    - Apollo
    - Auth0
    - JWTDecode
    - Rudder
    - SimpleKeychain
    - YouboraAVPlayerAdapter
    - YouboraLib

SPEC CHECKSUMS:
  Apollo: ce13b007f55b339493b40b5a8ef063fd2ae5c4f1
  Auth0: 72f19ad566fdf57f07bf37f828afd0c1570769a5
  JWTDecode: 3eaab1e06b6f4dcbdd6716aff09ba4c2104ca8b7
  Rudder: d40c784d899ea76dab14808054120383d95379ae
  SimpleKeychain: f8707c8e97b38c6a6e687b17732afc9bcef06439
  YouboraAVPlayerAdapter: 75b41050ca5602d871de1540872160b15500dd7d
  YouboraLib: 3cc99f9ee798ccc75bd40e7df8cc97c863c68cbf

PODFILE CHECKSUM: c0a9a5b2e28af1fcaae948064532b17a5e3a3d48

COCOAPODS: 1.12.1
