// !$*UTF8*$!
{
	archiveVersion = 1;
	classes = {
	};
	objectVersion = 46;
	objects = {

/* Begin PBXBuildFile section */
		09113B0029C081810087B9A2 /* View.swift in Sources */ = {isa = PBXBuildFile; fileRef = 09113AFF29C081810087B9A2 /* View.swift */; };
		09113B0229C301050087B9A2 /* Search.swift in Sources */ = {isa = PBXBuildFile; fileRef = 09113B0129C301050087B9A2 /* Search.swift */; };
		09113B0429C301DE0087B9A2 /* search.graphql in Resources */ = {isa = PBXBuildFile; fileRef = 09113B0329C301DE0087B9A2 /* search.graphql */; };
		0943E18729BB36590016348C /* ItemSection.swift in Sources */ = {isa = PBXBuildFile; fileRef = 0943E18629BB36590016348C /* ItemSection.swift */; };
		2D64E0434AEB32333D149D27 /* Auth0.plist in Resources */ = {isa = PBXBuildFile; fileRef = 2D64E22A7624A037A3CC6D7B /* Auth0.plist */; };
		2D64E045323C028845414208 /* SectionItem.graphql.swift in Sources */ = {isa = PBXBuildFile; fileRef = 2D64ECF085CDBFFDD881A143 /* SectionItem.graphql.swift */; };
		2D64E0CB808A3B33129D11B8 /* DefaultGridSection.graphql.swift in Sources */ = {isa = PBXBuildFile; fileRef = 2D64E64E665DB710D94710D7 /* DefaultGridSection.graphql.swift */; };
		2D64E0E5B226D5F5E41136BE /* AchievementGroupPagination.graphql.swift in Sources */ = {isa = PBXBuildFile; fileRef = 2D64EF93E358128E62AB25D3 /* AchievementGroupPagination.graphql.swift */; };
		2D64E156B01B04327523D542 /* DefaultSection.graphql.swift in Sources */ = {isa = PBXBuildFile; fileRef = 2D64E272F215BDC8C8A489C2 /* DefaultSection.graphql.swift */; };
		2D64E1B810ADAACBE56AF411 /* Pagination.graphql.swift in Sources */ = {isa = PBXBuildFile; fileRef = 2D64EFF0714F8B6F0EBA2A93 /* Pagination.graphql.swift */; };
		2D64E1C4B94175BAA320E125 /* GetEpisodeQuery.graphql.swift in Sources */ = {isa = PBXBuildFile; fileRef = 2D64EC8EBDE94CB8A96ED824 /* GetEpisodeQuery.graphql.swift */; };
		2D64E1EBD190C23CC2C5E2AB /* page.graphql in Resources */ = {isa = PBXBuildFile; fileRef = 2D64E177FC303770A310536C /* page.graphql */; };
		2D64E216A050FD9063A0261B /* SectionPagination.graphql.swift in Sources */ = {isa = PBXBuildFile; fileRef = 2D64E5A8950A5812FD256B57 /* SectionPagination.graphql.swift */; };
		2D64E267FC015A68C1B39A70 /* Client.swift in Sources */ = {isa = PBXBuildFile; fileRef = 2D64E25DC70962DAFF7E7B4A /* Client.swift */; };
		2D64E34D0343B2EEE67528CF /* CollectionItemPagination.graphql.swift in Sources */ = {isa = PBXBuildFile; fileRef = 2D64E411188E5294B64B5F3B /* CollectionItemPagination.graphql.swift */; };
		2D64E3574F8FE9C8259A7BF1 /* GetPageQuery.graphql.swift in Sources */ = {isa = PBXBuildFile; fileRef = 2D64E076365D1E15C0A6F330 /* GetPageQuery.graphql.swift */; };
		2D64E35DD297C5D2FA635267 /* LabelSection.graphql.swift in Sources */ = {isa = PBXBuildFile; fileRef = 2D64E74CAE37E1A1E3AFF8C0 /* LabelSection.graphql.swift */; };
		2D64E41D4951DB7EDA606531 /* PosterGridSection.graphql.swift in Sources */ = {isa = PBXBuildFile; fileRef = 2D64E12709906FD8A3676A8B /* PosterGridSection.graphql.swift */; };
		2D64E46DC1FE0D239FCFE65B /* ItemSection.graphql.swift in Sources */ = {isa = PBXBuildFile; fileRef = 2D64E8178E0538A958250372 /* ItemSection.graphql.swift */; };
		2D64E494E484E870A0F5AC24 /* episode.graphql in Resources */ = {isa = PBXBuildFile; fileRef = 2D64EEFA160F0089442EA6D2 /* episode.graphql */; };
		2D64E497741B2C4E1AD7216C /* IconSection.graphql.swift in Sources */ = {isa = PBXBuildFile; fileRef = 2D64E1952F4B5F34E394FC23 /* IconSection.graphql.swift */; };
		2D64E4D212475FFDEC533F65 /* TaskPagination.graphql.swift in Sources */ = {isa = PBXBuildFile; fileRef = 2D64E602D9326416E64D1992 /* TaskPagination.graphql.swift */; };
		2D64E4D4E2231C315CB5D131 /* SurveyQuestionPagination.graphql.swift in Sources */ = {isa = PBXBuildFile; fileRef = 2D64E81528A2E354A4B9ECA2 /* SurveyQuestionPagination.graphql.swift */; };
		2D64E5783267C5E49617E136 /* LessonPagination.graphql.swift in Sources */ = {isa = PBXBuildFile; fileRef = 2D64EC9C7B6B75F89FD9F75B /* LessonPagination.graphql.swift */; };
		2D64E5ACD3C0AEA5B9C60CB9 /* Stream.graphql.swift in Sources */ = {isa = PBXBuildFile; fileRef = 2D64EA7161E3F24C5400565E /* Stream.graphql.swift */; };
		2D64E619C2009D6138134650 /* SchemaMetadata.graphql.swift in Sources */ = {isa = PBXBuildFile; fileRef = 2D64EBC338A1C8BCBE0CBF1A /* SchemaMetadata.graphql.swift */; };
		2D64E63A277AE01908CB9428 /* MessageSection.graphql.swift in Sources */ = {isa = PBXBuildFile; fileRef = 2D64E5B555AC03CEA5872EC3 /* MessageSection.graphql.swift */; };
		2D64E647BDA05E0920C7DEC0 /* .gitignore in Resources */ = {isa = PBXBuildFile; fileRef = 2D64EDB7C7CC093B3800C7EB /* .gitignore */; };
		2D64E64E4CA89138378CFF08 /* SchemaConfiguration.swift in Sources */ = {isa = PBXBuildFile; fileRef = 2D64EFC2F0B6BDFF815A7E94 /* SchemaConfiguration.swift */; };
		2D64E6B738155FACEC74A1EA /* CardListSection.graphql.swift in Sources */ = {isa = PBXBuildFile; fileRef = 2D64E11438D20749778E19A3 /* CardListSection.graphql.swift */; };
		2D64E7075912E08163C16E2D /* PosterSection.graphql.swift in Sources */ = {isa = PBXBuildFile; fileRef = 2D64E8EDA3B184D5E267ABEC /* PosterSection.graphql.swift */; };
		2D64E7180187DCD1F89D95E9 /* SectionItemPagination.graphql.swift in Sources */ = {isa = PBXBuildFile; fileRef = 2D64E9D34043CFD26FA98C52 /* SectionItemPagination.graphql.swift */; };
		2D64E760D19676027A4A33F5 /* ContentView.swift in Sources */ = {isa = PBXBuildFile; fileRef = 2D64E460594AD4CC96AE76A4 /* ContentView.swift */; };
		2D64E77F9416E59DBDD2B692 /* FeaturedSection.graphql.swift in Sources */ = {isa = PBXBuildFile; fileRef = 2D64E6829EBA509CFD1A5090 /* FeaturedSection.graphql.swift */; };
		2D64E78A38DE97116A7131C3 /* appletvApp.swift in Sources */ = {isa = PBXBuildFile; fileRef = 2D64E2030CD962DA48716017 /* appletvApp.swift */; };
		2D64E7BC4182AFDCD55567BF /* Page.graphql.swift in Sources */ = {isa = PBXBuildFile; fileRef = 2D64E4F9B40BEE59A3718E1E /* Page.graphql.swift */; };
		2D64E7F4FC3B3B7DBA035F86 /* AchievementPagination.graphql.swift in Sources */ = {isa = PBXBuildFile; fileRef = 2D64EE88F4540A2382068A74 /* AchievementPagination.graphql.swift */; };
		2D64E80F341585D961122E21 /* Section.graphql.swift in Sources */ = {isa = PBXBuildFile; fileRef = 2D64E3D0F93EEDC11E06B053 /* Section.graphql.swift */; };
		2D64E84CE0CC357015E22002 /* Client.swift in Sources */ = {isa = PBXBuildFile; fileRef = 2D64EAAA48AF493F1F4A89F8 /* Client.swift */; };
		2D64E862FA888C19CA9A86D4 /* EpisodeSearchItem.graphql.swift in Sources */ = {isa = PBXBuildFile; fileRef = 2D64E8E9285E1295C3B933DF /* EpisodeSearchItem.graphql.swift */; };
		2D64E8EBFABDD97BBEB41D3F /* WebSection.graphql.swift in Sources */ = {isa = PBXBuildFile; fileRef = 2D64E36E5CD00CE32D047DD9 /* WebSection.graphql.swift */; };
		2D64E9488CB254B9722BBA2D /* .swiftlint.yml in Resources */ = {isa = PBXBuildFile; fileRef = 2D64E76BCD5BD10A837B20A2 /* .swiftlint.yml */; };
		2D64E9B1E2C9C5E4D82CC686 /* Preview Assets.xcassets in Resources */ = {isa = PBXBuildFile; fileRef = 2D64EF70B7F0E9754C015062 /* Preview Assets.xcassets */; };
		2D64EA258BF348620092C2F5 /* SeasonPagination.graphql.swift in Sources */ = {isa = PBXBuildFile; fileRef = 2D64E6166911FD3ED6DABE5F /* SeasonPagination.graphql.swift */; };
		2D64EA29005F0263D6C3B55E /* Viewer.swift in Sources */ = {isa = PBXBuildFile; fileRef = 2D64EA55186CD532816176C8 /* Viewer.swift */; };
		2D64EA3F41029110FE6F58B0 /* ListSection.graphql.swift in Sources */ = {isa = PBXBuildFile; fileRef = 2D64EDD584ABC947198AAEEA /* ListSection.graphql.swift */; };
		2D64EA7B4C176797B1E088C2 /* UserCollectionEntryPagination.graphql.swift in Sources */ = {isa = PBXBuildFile; fileRef = 2D64E63ED280746A6B82BB54 /* UserCollectionEntryPagination.graphql.swift */; };
		2D64EAEA8094623CC4A3B22E /* StreamType.graphql.swift in Sources */ = {isa = PBXBuildFile; fileRef = 2D64E23FC4184C4BB8317277 /* StreamType.graphql.swift */; };
		2D64EB01141BDD3E26A44A52 /* API.graphql.swift in Sources */ = {isa = PBXBuildFile; fileRef = 2D64E72E52A54DE58AACDEFF /* API.graphql.swift */; };
		2D64EB048F1CDC6C21886EF3 /* LinkPagination.graphql.swift in Sources */ = {isa = PBXBuildFile; fileRef = 2D64E74691B57D5F5B4F28C9 /* LinkPagination.graphql.swift */; };
		2D64EB2C0C3B72AD6DE86638 /* QueryRoot.graphql.swift in Sources */ = {isa = PBXBuildFile; fileRef = 2D64E3B7076C3EB298868785 /* QueryRoot.graphql.swift */; };
		2D64EB5A04A2A093FC5A8682 /* FAQCategoryPagination.graphql.swift in Sources */ = {isa = PBXBuildFile; fileRef = 2D64E9541A96EAF1B3D09D9A /* FAQCategoryPagination.graphql.swift */; };
		2D64EBCA110C5401299BB8D0 /* SearchResultItem.graphql.swift in Sources */ = {isa = PBXBuildFile; fileRef = 2D64EF6688301198218E7C68 /* SearchResultItem.graphql.swift */; };
		2D64EC3F3D775CA8A718F9A5 /* SearchQuery.graphql.swift in Sources */ = {isa = PBXBuildFile; fileRef = 2D64EB73D9925331F191E735 /* SearchQuery.graphql.swift */; };
		2D64EC4A5D0BD3FF43E3822B /* QuestionPagination.graphql.swift in Sources */ = {isa = PBXBuildFile; fileRef = 2D64E498073FA428EB9DB741 /* QuestionPagination.graphql.swift */; };
		2D64EC547B4E2C1E4FA25C82 /* AchievementSection.graphql.swift in Sources */ = {isa = PBXBuildFile; fileRef = 2D64E6A117A1739775CFC1D7 /* AchievementSection.graphql.swift */; };
		2D64EC79A52359FFDE8ECBB8 /* CardSection.graphql.swift in Sources */ = {isa = PBXBuildFile; fileRef = 2D64E9B435B2E865F2F01D4E /* CardSection.graphql.swift */; };
		2D64EC84B351057A4F8EEC4C /* SeasonSearchItem.graphql.swift in Sources */ = {isa = PBXBuildFile; fileRef = 2D64E09A2D4F2B0B5A3F146B /* SeasonSearchItem.graphql.swift */; };
		2D64ED2949C6BC23A55B73DA /* ShowSearchItem.graphql.swift in Sources */ = {isa = PBXBuildFile; fileRef = 2D64E555BDFB8ECC7E1C1D1E /* ShowSearchItem.graphql.swift */; };
		2D64ED9D5B6FC32EC612B7DA /* EpisodePagination.graphql.swift in Sources */ = {isa = PBXBuildFile; fileRef = 2D64ECEECE5C44367AD3BDCC /* EpisodePagination.graphql.swift */; };
		2D64ED9F85682E932301E953 /* Assets.xcassets in Resources */ = {isa = PBXBuildFile; fileRef = 2D64E9AA1E75A14695918908 /* Assets.xcassets */; };
		2D64EE239D92660EB7149279 /* AuthenticationProvider.swift in Sources */ = {isa = PBXBuildFile; fileRef = 2D64EA392C7B14552679FE6E /* AuthenticationProvider.swift */; };
		2D64EE636A76CD4921AA0B62 /* PageDetailsSection.graphql.swift in Sources */ = {isa = PBXBuildFile; fileRef = 2D64E9D7214941AD6B1C717E /* PageDetailsSection.graphql.swift */; };
		2D64EEBA61B1BB8089E3DE37 /* GridSection.graphql.swift in Sources */ = {isa = PBXBuildFile; fileRef = 2D64EB857A5BF722714FA2CA /* GridSection.graphql.swift */; };
		2D64EF0AA005222582181513 /* IconGridSection.graphql.swift in Sources */ = {isa = PBXBuildFile; fileRef = 2D64E08F3B497DFD8EDEDE9B /* IconGridSection.graphql.swift */; };
		2D64EF6DB1074E0B52429125 /* Episode.graphql.swift in Sources */ = {isa = PBXBuildFile; fileRef = 2D64E25A3EB6D67367397E9C /* Episode.graphql.swift */; };
		2D64EFC666A30B806DD180B5 /* SearchResult.graphql.swift in Sources */ = {isa = PBXBuildFile; fileRef = 2D64EDE38675137F06E0A7B3 /* SearchResult.graphql.swift */; };
		6D27B359A67D60FB98F871F0 /* libPods-appletv.a in Frameworks */ = {isa = PBXBuildFile; fileRef = 7B7F655482132C7BFCB1D3BB /* libPods-appletv.a */; };
/* End PBXBuildFile section */

/* Begin PBXFileReference section */
		09113AFF29C081810087B9A2 /* View.swift */ = {isa = PBXFileReference; lastKnownFileType = sourcecode.swift; path = View.swift; sourceTree = "<group>"; };
		09113B0129C301050087B9A2 /* Search.swift */ = {isa = PBXFileReference; lastKnownFileType = sourcecode.swift; path = Search.swift; sourceTree = "<group>"; };
		09113B0329C301DE0087B9A2 /* search.graphql */ = {isa = PBXFileReference; lastKnownFileType = text; path = search.graphql; sourceTree = "<group>"; };
		0943E18629BB36590016348C /* ItemSection.swift */ = {isa = PBXFileReference; lastKnownFileType = sourcecode.swift; path = ItemSection.swift; sourceTree = "<group>"; };
		2D64E076365D1E15C0A6F330 /* GetPageQuery.graphql.swift */ = {isa = PBXFileReference; fileEncoding = 4; lastKnownFileType = sourcecode.swift; path = GetPageQuery.graphql.swift; sourceTree = "<group>"; };
		2D64E08F3B497DFD8EDEDE9B /* IconGridSection.graphql.swift */ = {isa = PBXFileReference; fileEncoding = 4; lastKnownFileType = sourcecode.swift; path = IconGridSection.graphql.swift; sourceTree = "<group>"; };
		2D64E09A2D4F2B0B5A3F146B /* SeasonSearchItem.graphql.swift */ = {isa = PBXFileReference; fileEncoding = 4; lastKnownFileType = sourcecode.swift; path = SeasonSearchItem.graphql.swift; sourceTree = "<group>"; };
		2D64E11438D20749778E19A3 /* CardListSection.graphql.swift */ = {isa = PBXFileReference; fileEncoding = 4; lastKnownFileType = sourcecode.swift; path = CardListSection.graphql.swift; sourceTree = "<group>"; };
		2D64E12709906FD8A3676A8B /* PosterGridSection.graphql.swift */ = {isa = PBXFileReference; fileEncoding = 4; lastKnownFileType = sourcecode.swift; path = PosterGridSection.graphql.swift; sourceTree = "<group>"; };
		2D64E177FC303770A310536C /* page.graphql */ = {isa = PBXFileReference; lastKnownFileType = file.graphql; path = page.graphql; sourceTree = "<group>"; };
		2D64E1952F4B5F34E394FC23 /* IconSection.graphql.swift */ = {isa = PBXFileReference; fileEncoding = 4; lastKnownFileType = sourcecode.swift; path = IconSection.graphql.swift; sourceTree = "<group>"; };
		2D64E2030CD962DA48716017 /* appletvApp.swift */ = {isa = PBXFileReference; lastKnownFileType = sourcecode.swift; path = appletvApp.swift; sourceTree = "<group>"; };
		2D64E22A7624A037A3CC6D7B /* Auth0.plist */ = {isa = PBXFileReference; fileEncoding = 4; lastKnownFileType = text.plist; path = Auth0.plist; sourceTree = "<group>"; };
		2D64E23FC4184C4BB8317277 /* StreamType.graphql.swift */ = {isa = PBXFileReference; fileEncoding = 4; lastKnownFileType = sourcecode.swift; path = StreamType.graphql.swift; sourceTree = "<group>"; };
		2D64E25A3EB6D67367397E9C /* Episode.graphql.swift */ = {isa = PBXFileReference; fileEncoding = 4; lastKnownFileType = sourcecode.swift; path = Episode.graphql.swift; sourceTree = "<group>"; };
		2D64E25DC70962DAFF7E7B4A /* Client.swift */ = {isa = PBXFileReference; fileEncoding = 4; lastKnownFileType = sourcecode.swift; path = Client.swift; sourceTree = "<group>"; };
		2D64E272F215BDC8C8A489C2 /* DefaultSection.graphql.swift */ = {isa = PBXFileReference; fileEncoding = 4; lastKnownFileType = sourcecode.swift; path = DefaultSection.graphql.swift; sourceTree = "<group>"; };
		2D64E36E5CD00CE32D047DD9 /* WebSection.graphql.swift */ = {isa = PBXFileReference; fileEncoding = 4; lastKnownFileType = sourcecode.swift; path = WebSection.graphql.swift; sourceTree = "<group>"; };
		2D64E3B7076C3EB298868785 /* QueryRoot.graphql.swift */ = {isa = PBXFileReference; fileEncoding = 4; lastKnownFileType = sourcecode.swift; path = QueryRoot.graphql.swift; sourceTree = "<group>"; };
		2D64E3D0F93EEDC11E06B053 /* Section.graphql.swift */ = {isa = PBXFileReference; fileEncoding = 4; lastKnownFileType = sourcecode.swift; path = Section.graphql.swift; sourceTree = "<group>"; };
		2D64E411188E5294B64B5F3B /* CollectionItemPagination.graphql.swift */ = {isa = PBXFileReference; fileEncoding = 4; lastKnownFileType = sourcecode.swift; path = CollectionItemPagination.graphql.swift; sourceTree = "<group>"; };
		2D64E460594AD4CC96AE76A4 /* ContentView.swift */ = {isa = PBXFileReference; lastKnownFileType = sourcecode.swift; path = ContentView.swift; sourceTree = "<group>"; };
		2D64E498073FA428EB9DB741 /* QuestionPagination.graphql.swift */ = {isa = PBXFileReference; fileEncoding = 4; lastKnownFileType = sourcecode.swift; path = QuestionPagination.graphql.swift; sourceTree = "<group>"; };
		2D64E4F9B40BEE59A3718E1E /* Page.graphql.swift */ = {isa = PBXFileReference; fileEncoding = 4; lastKnownFileType = sourcecode.swift; path = Page.graphql.swift; sourceTree = "<group>"; };
		2D64E555BDFB8ECC7E1C1D1E /* ShowSearchItem.graphql.swift */ = {isa = PBXFileReference; fileEncoding = 4; lastKnownFileType = sourcecode.swift; path = ShowSearchItem.graphql.swift; sourceTree = "<group>"; };
		2D64E5A8950A5812FD256B57 /* SectionPagination.graphql.swift */ = {isa = PBXFileReference; fileEncoding = 4; lastKnownFileType = sourcecode.swift; path = SectionPagination.graphql.swift; sourceTree = "<group>"; };
		2D64E5B555AC03CEA5872EC3 /* MessageSection.graphql.swift */ = {isa = PBXFileReference; fileEncoding = 4; lastKnownFileType = sourcecode.swift; path = MessageSection.graphql.swift; sourceTree = "<group>"; };
		2D64E602D9326416E64D1992 /* TaskPagination.graphql.swift */ = {isa = PBXFileReference; fileEncoding = 4; lastKnownFileType = sourcecode.swift; path = TaskPagination.graphql.swift; sourceTree = "<group>"; };
		2D64E6166911FD3ED6DABE5F /* SeasonPagination.graphql.swift */ = {isa = PBXFileReference; fileEncoding = 4; lastKnownFileType = sourcecode.swift; path = SeasonPagination.graphql.swift; sourceTree = "<group>"; };
		2D64E63ED280746A6B82BB54 /* UserCollectionEntryPagination.graphql.swift */ = {isa = PBXFileReference; fileEncoding = 4; lastKnownFileType = sourcecode.swift; path = UserCollectionEntryPagination.graphql.swift; sourceTree = "<group>"; };
		2D64E64E665DB710D94710D7 /* DefaultGridSection.graphql.swift */ = {isa = PBXFileReference; fileEncoding = 4; lastKnownFileType = sourcecode.swift; path = DefaultGridSection.graphql.swift; sourceTree = "<group>"; };
		2D64E6829EBA509CFD1A5090 /* FeaturedSection.graphql.swift */ = {isa = PBXFileReference; fileEncoding = 4; lastKnownFileType = sourcecode.swift; path = FeaturedSection.graphql.swift; sourceTree = "<group>"; };
		2D64E6994BC94F50D51F9B04 /* appletv.app */ = {isa = PBXFileReference; explicitFileType = wrapper.application; includeInIndex = 0; path = appletv.app; sourceTree = BUILT_PRODUCTS_DIR; };
		2D64E6A117A1739775CFC1D7 /* AchievementSection.graphql.swift */ = {isa = PBXFileReference; fileEncoding = 4; lastKnownFileType = sourcecode.swift; path = AchievementSection.graphql.swift; sourceTree = "<group>"; };
		2D64E72E52A54DE58AACDEFF /* API.graphql.swift */ = {isa = PBXFileReference; fileEncoding = 4; lastKnownFileType = sourcecode.swift; path = API.graphql.swift; sourceTree = "<group>"; };
		2D64E74691B57D5F5B4F28C9 /* LinkPagination.graphql.swift */ = {isa = PBXFileReference; fileEncoding = 4; lastKnownFileType = sourcecode.swift; path = LinkPagination.graphql.swift; sourceTree = "<group>"; };
		2D64E74CAE37E1A1E3AFF8C0 /* LabelSection.graphql.swift */ = {isa = PBXFileReference; fileEncoding = 4; lastKnownFileType = sourcecode.swift; path = LabelSection.graphql.swift; sourceTree = "<group>"; };
		2D64E76BCD5BD10A837B20A2 /* .swiftlint.yml */ = {isa = PBXFileReference; fileEncoding = 4; lastKnownFileType = text.yaml; path = .swiftlint.yml; sourceTree = "<group>"; };
		2D64E81528A2E354A4B9ECA2 /* SurveyQuestionPagination.graphql.swift */ = {isa = PBXFileReference; fileEncoding = 4; lastKnownFileType = sourcecode.swift; path = SurveyQuestionPagination.graphql.swift; sourceTree = "<group>"; };
		2D64E8178E0538A958250372 /* ItemSection.graphql.swift */ = {isa = PBXFileReference; fileEncoding = 4; lastKnownFileType = sourcecode.swift; path = ItemSection.graphql.swift; sourceTree = "<group>"; };
		2D64E8E9285E1295C3B933DF /* EpisodeSearchItem.graphql.swift */ = {isa = PBXFileReference; fileEncoding = 4; lastKnownFileType = sourcecode.swift; path = EpisodeSearchItem.graphql.swift; sourceTree = "<group>"; };
		2D64E8EDA3B184D5E267ABEC /* PosterSection.graphql.swift */ = {isa = PBXFileReference; fileEncoding = 4; lastKnownFileType = sourcecode.swift; path = PosterSection.graphql.swift; sourceTree = "<group>"; };
		2D64E9541A96EAF1B3D09D9A /* FAQCategoryPagination.graphql.swift */ = {isa = PBXFileReference; fileEncoding = 4; lastKnownFileType = sourcecode.swift; path = FAQCategoryPagination.graphql.swift; sourceTree = "<group>"; };
		2D64E9AA1E75A14695918908 /* Assets.xcassets */ = {isa = PBXFileReference; lastKnownFileType = folder.assetcatalog; path = Assets.xcassets; sourceTree = "<group>"; };
		2D64E9B435B2E865F2F01D4E /* CardSection.graphql.swift */ = {isa = PBXFileReference; fileEncoding = 4; lastKnownFileType = sourcecode.swift; path = CardSection.graphql.swift; sourceTree = "<group>"; };
		2D64E9D34043CFD26FA98C52 /* SectionItemPagination.graphql.swift */ = {isa = PBXFileReference; fileEncoding = 4; lastKnownFileType = sourcecode.swift; path = SectionItemPagination.graphql.swift; sourceTree = "<group>"; };
		2D64E9D7214941AD6B1C717E /* PageDetailsSection.graphql.swift */ = {isa = PBXFileReference; fileEncoding = 4; lastKnownFileType = sourcecode.swift; path = PageDetailsSection.graphql.swift; sourceTree = "<group>"; };
		2D64EA392C7B14552679FE6E /* AuthenticationProvider.swift */ = {isa = PBXFileReference; fileEncoding = 4; lastKnownFileType = sourcecode.swift; path = AuthenticationProvider.swift; sourceTree = "<group>"; };
		2D64EA55186CD532816176C8 /* Viewer.swift */ = {isa = PBXFileReference; fileEncoding = 4; lastKnownFileType = sourcecode.swift; path = Viewer.swift; sourceTree = "<group>"; };
		2D64EA7161E3F24C5400565E /* Stream.graphql.swift */ = {isa = PBXFileReference; fileEncoding = 4; lastKnownFileType = sourcecode.swift; path = Stream.graphql.swift; sourceTree = "<group>"; };
		2D64EAAA48AF493F1F4A89F8 /* Client.swift */ = {isa = PBXFileReference; fileEncoding = 4; lastKnownFileType = sourcecode.swift; name = Client.swift; path = API/Client.swift; sourceTree = "<group>"; };
		2D64EB73D9925331F191E735 /* SearchQuery.graphql.swift */ = {isa = PBXFileReference; fileEncoding = 4; lastKnownFileType = sourcecode.swift; path = SearchQuery.graphql.swift; sourceTree = "<group>"; };
		2D64EB857A5BF722714FA2CA /* GridSection.graphql.swift */ = {isa = PBXFileReference; fileEncoding = 4; lastKnownFileType = sourcecode.swift; path = GridSection.graphql.swift; sourceTree = "<group>"; };
		2D64EBC338A1C8BCBE0CBF1A /* SchemaMetadata.graphql.swift */ = {isa = PBXFileReference; fileEncoding = 4; lastKnownFileType = sourcecode.swift; path = SchemaMetadata.graphql.swift; sourceTree = "<group>"; };
		2D64EC8EBDE94CB8A96ED824 /* GetEpisodeQuery.graphql.swift */ = {isa = PBXFileReference; fileEncoding = 4; lastKnownFileType = sourcecode.swift; path = GetEpisodeQuery.graphql.swift; sourceTree = "<group>"; };
		2D64EC9C7B6B75F89FD9F75B /* LessonPagination.graphql.swift */ = {isa = PBXFileReference; fileEncoding = 4; lastKnownFileType = sourcecode.swift; path = LessonPagination.graphql.swift; sourceTree = "<group>"; };
		2D64ECEECE5C44367AD3BDCC /* EpisodePagination.graphql.swift */ = {isa = PBXFileReference; fileEncoding = 4; lastKnownFileType = sourcecode.swift; path = EpisodePagination.graphql.swift; sourceTree = "<group>"; };
		2D64ECF085CDBFFDD881A143 /* SectionItem.graphql.swift */ = {isa = PBXFileReference; fileEncoding = 4; lastKnownFileType = sourcecode.swift; path = SectionItem.graphql.swift; sourceTree = "<group>"; };
		2D64EDB7C7CC093B3800C7EB /* .gitignore */ = {isa = PBXFileReference; lastKnownFileType = file.gitignore; path = .gitignore; sourceTree = "<group>"; };
		2D64EDD584ABC947198AAEEA /* ListSection.graphql.swift */ = {isa = PBXFileReference; fileEncoding = 4; lastKnownFileType = sourcecode.swift; path = ListSection.graphql.swift; sourceTree = "<group>"; };
		2D64EDE38675137F06E0A7B3 /* SearchResult.graphql.swift */ = {isa = PBXFileReference; fileEncoding = 4; lastKnownFileType = sourcecode.swift; path = SearchResult.graphql.swift; sourceTree = "<group>"; };
		2D64EE88F4540A2382068A74 /* AchievementPagination.graphql.swift */ = {isa = PBXFileReference; fileEncoding = 4; lastKnownFileType = sourcecode.swift; path = AchievementPagination.graphql.swift; sourceTree = "<group>"; };
		2D64EEFA160F0089442EA6D2 /* episode.graphql */ = {isa = PBXFileReference; lastKnownFileType = file.graphql; path = episode.graphql; sourceTree = "<group>"; };
		2D64EF6688301198218E7C68 /* SearchResultItem.graphql.swift */ = {isa = PBXFileReference; fileEncoding = 4; lastKnownFileType = sourcecode.swift; path = SearchResultItem.graphql.swift; sourceTree = "<group>"; };
		2D64EF70B7F0E9754C015062 /* Preview Assets.xcassets */ = {isa = PBXFileReference; lastKnownFileType = folder.assetcatalog; path = "Preview Assets.xcassets"; sourceTree = "<group>"; };
		2D64EF93E358128E62AB25D3 /* AchievementGroupPagination.graphql.swift */ = {isa = PBXFileReference; fileEncoding = 4; lastKnownFileType = sourcecode.swift; path = AchievementGroupPagination.graphql.swift; sourceTree = "<group>"; };
		2D64EFC2F0B6BDFF815A7E94 /* SchemaConfiguration.swift */ = {isa = PBXFileReference; fileEncoding = 4; lastKnownFileType = sourcecode.swift; path = SchemaConfiguration.swift; sourceTree = "<group>"; };
		2D64EFF0714F8B6F0EBA2A93 /* Pagination.graphql.swift */ = {isa = PBXFileReference; fileEncoding = 4; lastKnownFileType = sourcecode.swift; path = Pagination.graphql.swift; sourceTree = "<group>"; };
		7B7F655482132C7BFCB1D3BB /* libPods-appletv.a */ = {isa = PBXFileReference; explicitFileType = archive.ar; includeInIndex = 0; path = "libPods-appletv.a"; sourceTree = BUILT_PRODUCTS_DIR; };
		7C27C0DB5C37CE45645B3F3D /* Pods-appletv.debug.xcconfig */ = {isa = PBXFileReference; includeInIndex = 1; lastKnownFileType = text.xcconfig; name = "Pods-appletv.debug.xcconfig"; path = "Target Support Files/Pods-appletv/Pods-appletv.debug.xcconfig"; sourceTree = "<group>"; };
		813688CB7A184112622820A5 /* Pods-appletv.release.xcconfig */ = {isa = PBXFileReference; includeInIndex = 1; lastKnownFileType = text.xcconfig; name = "Pods-appletv.release.xcconfig"; path = "Target Support Files/Pods-appletv/Pods-appletv.release.xcconfig"; sourceTree = "<group>"; };
/* End PBXFileReference section */

/* Begin PBXFrameworksBuildPhase section */
		2D64EFB695C83636A4673F9B /* Frameworks */ = {
			isa = PBXFrameworksBuildPhase;
			buildActionMask = 2147483647;
			files = (
				6D27B359A67D60FB98F871F0 /* libPods-appletv.a in Frameworks */,
			);
			runOnlyForDeploymentPostprocessing = 0;
		};
/* End PBXFrameworksBuildPhase section */

/* Begin PBXGroup section */
		09113AFE29C081710087B9A2 /* Page */ = {
			isa = PBXGroup;
			children = (
				09113AFF29C081810087B9A2 /* View.swift */,
			);
			path = Page;
			sourceTree = "<group>";
		};
		0943E18429BB363F0016348C /* Components */ = {
			isa = PBXGroup;
			children = (
				09113AFE29C081710087B9A2 /* Page */,
				0943E18529BB364B0016348C /* Sections */,
				2D64EACA7247B2B605E740B3 /* Episodes */,
			);
			path = Components;
			sourceTree = "<group>";
		};
		0943E18529BB364B0016348C /* Sections */ = {
			isa = PBXGroup;
			children = (
				0943E18629BB36590016348C /* ItemSection.swift */,
			);
			path = Sections;
			sourceTree = "<group>";
		};
		2ACB7A53A6D45DE17AB42CCF /* Pods */ = {
			isa = PBXGroup;
			children = (
				7C27C0DB5C37CE45645B3F3D /* Pods-appletv.debug.xcconfig */,
				813688CB7A184112622820A5 /* Pods-appletv.release.xcconfig */,
			);
			path = Pods;
			sourceTree = "<group>";
		};
		2D64E14EBB891DB91B70D985 = {
			isa = PBXGroup;
			children = (
				2D64EC473E60AC534AFCE95B /* Products */,
				2D64EF38E0F7589C8BE0D636 /* appletv */,
				2ACB7A53A6D45DE17AB42CCF /* Pods */,
				3D8794257D2424490E02A5C0 /* Frameworks */,
				2D64EDB7C7CC093B3800C7EB /* .gitignore */,
				2D64E76BCD5BD10A837B20A2 /* .swiftlint.yml */,
			);
			sourceTree = "<group>";
		};
		2D64E2F14C1D8C2161FD53A2 /* Objects */ = {
			isa = PBXGroup;
			children = (
				2D64E4F9B40BEE59A3718E1E /* Page.graphql.swift */,
				2D64E3B7076C3EB298868785 /* QueryRoot.graphql.swift */,
				2D64E36E5CD00CE32D047DD9 /* WebSection.graphql.swift */,
				2D64E9B435B2E865F2F01D4E /* CardSection.graphql.swift */,
				2D64E1952F4B5F34E394FC23 /* IconSection.graphql.swift */,
				2D64EDD584ABC947198AAEEA /* ListSection.graphql.swift */,
				2D64ECF085CDBFFDD881A143 /* SectionItem.graphql.swift */,
				2D64E74CAE37E1A1E3AFF8C0 /* LabelSection.graphql.swift */,
				2D64E8EDA3B184D5E267ABEC /* PosterSection.graphql.swift */,
				2D64E272F215BDC8C8A489C2 /* DefaultSection.graphql.swift */,
				2D64E74691B57D5F5B4F28C9 /* LinkPagination.graphql.swift */,
				2D64E5B555AC03CEA5872EC3 /* MessageSection.graphql.swift */,
				2D64E602D9326416E64D1992 /* TaskPagination.graphql.swift */,
				2D64E11438D20749778E19A3 /* CardListSection.graphql.swift */,
				2D64E6829EBA509CFD1A5090 /* FeaturedSection.graphql.swift */,
				2D64E08F3B497DFD8EDEDE9B /* IconGridSection.graphql.swift */,
				2D64EC9C7B6B75F89FD9F75B /* LessonPagination.graphql.swift */,
				2D64E6166911FD3ED6DABE5F /* SeasonPagination.graphql.swift */,
				2D64ECEECE5C44367AD3BDCC /* EpisodePagination.graphql.swift */,
				2D64E12709906FD8A3676A8B /* PosterGridSection.graphql.swift */,
				2D64E5A8950A5812FD256B57 /* SectionPagination.graphql.swift */,
				2D64E6A117A1739775CFC1D7 /* AchievementSection.graphql.swift */,
				2D64E64E665DB710D94710D7 /* DefaultGridSection.graphql.swift */,
				2D64E9D7214941AD6B1C717E /* PageDetailsSection.graphql.swift */,
				2D64E498073FA428EB9DB741 /* QuestionPagination.graphql.swift */,
				2D64EE88F4540A2382068A74 /* AchievementPagination.graphql.swift */,
				2D64E9541A96EAF1B3D09D9A /* FAQCategoryPagination.graphql.swift */,
				2D64E9D34043CFD26FA98C52 /* SectionItemPagination.graphql.swift */,
				2D64E411188E5294B64B5F3B /* CollectionItemPagination.graphql.swift */,
				2D64E81528A2E354A4B9ECA2 /* SurveyQuestionPagination.graphql.swift */,
				2D64EF93E358128E62AB25D3 /* AchievementGroupPagination.graphql.swift */,
				2D64E63ED280746A6B82BB54 /* UserCollectionEntryPagination.graphql.swift */,
				2D64E25A3EB6D67367397E9C /* Episode.graphql.swift */,
				2D64EA7161E3F24C5400565E /* Stream.graphql.swift */,
				2D64E8E9285E1295C3B933DF /* EpisodeSearchItem.graphql.swift */,
				2D64E09A2D4F2B0B5A3F146B /* SeasonSearchItem.graphql.swift */,
				2D64E555BDFB8ECC7E1C1D1E /* ShowSearchItem.graphql.swift */,
				2D64EDE38675137F06E0A7B3 /* SearchResult.graphql.swift */,
			);
			path = Objects;
			sourceTree = "<group>";
		};
		2D64E30089CC2D69ECFE8781 /* Enums */ = {
			isa = PBXGroup;
			children = (
				2D64E23FC4184C4BB8317277 /* StreamType.graphql.swift */,
			);
			path = Enums;
			sourceTree = "<group>";
		};
		2D64E3B955C71B7E1F13D210 /* Library */ = {
			isa = PBXGroup;
			children = (
				2D64EA392C7B14552679FE6E /* AuthenticationProvider.swift */,
			);
			path = Library;
			sourceTree = "<group>";
		};
		2D64E4AB1476BF314B7AEBC9 /* API */ = {
			isa = PBXGroup;
			children = (
				2D64EF29EB449954600991FA /* Schema */,
				2D64EEC60ABEC551756CC5C7 /* Operations */,
				2D64E25DC70962DAFF7E7B4A /* Client.swift */,
				2D64E72E52A54DE58AACDEFF /* API.graphql.swift */,
			);
			path = API;
			sourceTree = "<group>";
		};
		2D64EA9342F61ED47ACBD3F1 /* Queries */ = {
			isa = PBXGroup;
			children = (
				2D64E076365D1E15C0A6F330 /* GetPageQuery.graphql.swift */,
				2D64EC8EBDE94CB8A96ED824 /* GetEpisodeQuery.graphql.swift */,
				2D64EB73D9925331F191E735 /* SearchQuery.graphql.swift */,
			);
			path = Queries;
			sourceTree = "<group>";
		};
		2D64EACA7247B2B605E740B3 /* Episodes */ = {
			isa = PBXGroup;
			children = (
				2D64EA55186CD532816176C8 /* Viewer.swift */,
			);
			path = Episodes;
			sourceTree = "<group>";
		};
		2D64EC473E60AC534AFCE95B /* Products */ = {
			isa = PBXGroup;
			children = (
				2D64E6994BC94F50D51F9B04 /* appletv.app */,
			);
			name = Products;
			sourceTree = "<group>";
		};
		2D64ED83A2F90564AC1956A4 /* Interfaces */ = {
			isa = PBXGroup;
			children = (
				2D64E3D0F93EEDC11E06B053 /* Section.graphql.swift */,
				2D64EFF0714F8B6F0EBA2A93 /* Pagination.graphql.swift */,
				2D64EB857A5BF722714FA2CA /* GridSection.graphql.swift */,
				2D64E8178E0538A958250372 /* ItemSection.graphql.swift */,
				2D64EF6688301198218E7C68 /* SearchResultItem.graphql.swift */,
			);
			path = Interfaces;
			sourceTree = "<group>";
		};
		2D64EE62F73E14CBF46D77F0 /* Preview Content */ = {
			isa = PBXGroup;
			children = (
				2D64EF70B7F0E9754C015062 /* Preview Assets.xcassets */,
			);
			path = "Preview Content";
			sourceTree = "<group>";
		};
		2D64EEC548E99F075F742CFE /* Queries */ = {
			isa = PBXGroup;
			children = (
				2D64E177FC303770A310536C /* page.graphql */,
				2D64EEFA160F0089442EA6D2 /* episode.graphql */,
				09113B0329C301DE0087B9A2 /* search.graphql */,
			);
			path = Queries;
			sourceTree = "<group>";
		};
		2D64EEC60ABEC551756CC5C7 /* Operations */ = {
			isa = PBXGroup;
			children = (
				2D64EA9342F61ED47ACBD3F1 /* Queries */,
			);
			path = Operations;
			sourceTree = "<group>";
		};
		2D64EF29EB449954600991FA /* Schema */ = {
			isa = PBXGroup;
			children = (
				2D64E2F14C1D8C2161FD53A2 /* Objects */,
				2D64ED83A2F90564AC1956A4 /* Interfaces */,
				2D64EFC2F0B6BDFF815A7E94 /* SchemaConfiguration.swift */,
				2D64EBC338A1C8BCBE0CBF1A /* SchemaMetadata.graphql.swift */,
				2D64E30089CC2D69ECFE8781 /* Enums */,
			);
			path = Schema;
			sourceTree = "<group>";
		};
		2D64EF38E0F7589C8BE0D636 /* appletv */ = {
			isa = PBXGroup;
			children = (
				0943E18429BB363F0016348C /* Components */,
				2D64E9AA1E75A14695918908 /* Assets.xcassets */,
				2D64EE62F73E14CBF46D77F0 /* Preview Content */,
				2D64E2030CD962DA48716017 /* appletvApp.swift */,
				2D64E460594AD4CC96AE76A4 /* ContentView.swift */,
				2D64E22A7624A037A3CC6D7B /* Auth0.plist */,
				2D64E3B955C71B7E1F13D210 /* Library */,
				2D64EAAA48AF493F1F4A89F8 /* Client.swift */,
				2D64EEC548E99F075F742CFE /* Queries */,
				2D64E4AB1476BF314B7AEBC9 /* API */,
				09113B0129C301050087B9A2 /* Search.swift */,
			);
			path = appletv;
			sourceTree = "<group>";
		};
		3D8794257D2424490E02A5C0 /* Frameworks */ = {
			isa = PBXGroup;
			children = (
				7B7F655482132C7BFCB1D3BB /* libPods-appletv.a */,
			);
			name = Frameworks;
			sourceTree = "<group>";
		};
/* End PBXGroup section */

/* Begin PBXNativeTarget section */
		2D64EA587FBE70E8C0392EF8 /* appletv */ = {
			isa = PBXNativeTarget;
			buildConfigurationList = 2D64E63D193AD5912C5E7D40 /* Build configuration list for PBXNativeTarget "appletv" */;
			buildPhases = (
				BC6125E41AB03328D05449CE /* [CP] Check Pods Manifest.lock */,
				2D64E977F3C74EB889E11FB5 /* Sources */,
				2D64EFB695C83636A4673F9B /* Frameworks */,
				2D64E40409BAE8F8A7B8325D /* Resources */,
			);
			buildRules = (
			);
			dependencies = (
			);
			name = appletv;
			productName = appletv;
			productReference = 2D64E6994BC94F50D51F9B04 /* appletv.app */;
			productType = "com.apple.product-type.application";
		};
/* End PBXNativeTarget section */

/* Begin PBXProject section */
		2D64E1D850C94864AD6538E2 /* Project object */ = {
			isa = PBXProject;
			attributes = {
				TargetAttributes = {
					2D64EA587FBE70E8C0392EF8 = {
						DevelopmentTeam = TRTNB29F98;
					};
				};
			};
			buildConfigurationList = 2D64E44954A9332356A1F07B /* Build configuration list for PBXProject "appletv" */;
			compatibilityVersion = "Xcode 3.2";
			developmentRegion = English;
			hasScannedForEncodings = 0;
			knownRegions = (
				English,
				en,
			);
			mainGroup = 2D64E14EBB891DB91B70D985;
			productRefGroup = 2D64EC473E60AC534AFCE95B /* Products */;
			projectDirPath = "";
			projectRoot = "";
			targets = (
				2D64EA587FBE70E8C0392EF8 /* appletv */,
			);
		};
/* End PBXProject section */

/* Begin PBXResourcesBuildPhase section */
		2D64E40409BAE8F8A7B8325D /* Resources */ = {
			isa = PBXResourcesBuildPhase;
			buildActionMask = 2147483647;
			files = (
				2D64ED9F85682E932301E953 /* Assets.xcassets in Resources */,
				09113B0429C301DE0087B9A2 /* search.graphql in Resources */,
				2D64E9B1E2C9C5E4D82CC686 /* Preview Assets.xcassets in Resources */,
				2D64E0434AEB32333D149D27 /* Auth0.plist in Resources */,
				2D64E647BDA05E0920C7DEC0 /* .gitignore in Resources */,
				2D64E1EBD190C23CC2C5E2AB /* page.graphql in Resources */,
				2D64E9488CB254B9722BBA2D /* .swiftlint.yml in Resources */,
				2D64E494E484E870A0F5AC24 /* episode.graphql in Resources */,
			);
			runOnlyForDeploymentPostprocessing = 0;
		};
/* End PBXResourcesBuildPhase section */

/* Begin PBXShellScriptBuildPhase section */
		BC6125E41AB03328D05449CE /* [CP] Check Pods Manifest.lock */ = {
			isa = PBXShellScriptBuildPhase;
			buildActionMask = 2147483647;
			files = (
			);
			inputFileListPaths = (
			);
			inputPaths = (
				"${PODS_PODFILE_DIR_PATH}/Podfile.lock",
				"${PODS_ROOT}/Manifest.lock",
			);
			name = "[CP] Check Pods Manifest.lock";
			outputFileListPaths = (
			);
			outputPaths = (
				"$(DERIVED_FILE_DIR)/Pods-appletv-checkManifestLockResult.txt",
			);
			runOnlyForDeploymentPostprocessing = 0;
			shellPath = /bin/sh;
			shellScript = "diff \"${PODS_PODFILE_DIR_PATH}/Podfile.lock\" \"${PODS_ROOT}/Manifest.lock\" > /dev/null\nif [ $? != 0 ] ; then\n    # print error to STDERR\n    echo \"error: The sandbox is not in sync with the Podfile.lock. Run 'pod install' or update your CocoaPods installation.\" >&2\n    exit 1\nfi\n# This output is used by Xcode 'outputs' to avoid re-running this script phase.\necho \"SUCCESS\" > \"${SCRIPT_OUTPUT_FILE_0}\"\n";
			showEnvVarsInLog = 0;
		};
/* End PBXShellScriptBuildPhase section */

/* Begin PBXSourcesBuildPhase section */
		2D64E977F3C74EB889E11FB5 /* Sources */ = {
			isa = PBXSourcesBuildPhase;
			buildActionMask = 2147483647;
			files = (
				09113B0029C081810087B9A2 /* View.swift in Sources */,
				2D64E78A38DE97116A7131C3 /* appletvApp.swift in Sources */,
				2D64E760D19676027A4A33F5 /* ContentView.swift in Sources */,
				2D64EE239D92660EB7149279 /* AuthenticationProvider.swift in Sources */,
				2D64E84CE0CC357015E22002 /* Client.swift in Sources */,
				2D64E7BC4182AFDCD55567BF /* Page.graphql.swift in Sources */,
				2D64EB2C0C3B72AD6DE86638 /* QueryRoot.graphql.swift in Sources */,
				2D64E8EBFABDD97BBEB41D3F /* WebSection.graphql.swift in Sources */,
				2D64EC79A52359FFDE8ECBB8 /* CardSection.graphql.swift in Sources */,
				2D64E497741B2C4E1AD7216C /* IconSection.graphql.swift in Sources */,
				2D64EA3F41029110FE6F58B0 /* ListSection.graphql.swift in Sources */,
				2D64E045323C028845414208 /* SectionItem.graphql.swift in Sources */,
				2D64E35DD297C5D2FA635267 /* LabelSection.graphql.swift in Sources */,
				2D64E7075912E08163C16E2D /* PosterSection.graphql.swift in Sources */,
				2D64E156B01B04327523D542 /* DefaultSection.graphql.swift in Sources */,
				2D64EB048F1CDC6C21886EF3 /* LinkPagination.graphql.swift in Sources */,
				2D64E63A277AE01908CB9428 /* MessageSection.graphql.swift in Sources */,
				2D64E4D212475FFDEC533F65 /* TaskPagination.graphql.swift in Sources */,
				2D64E6B738155FACEC74A1EA /* CardListSection.graphql.swift in Sources */,
				2D64E77F9416E59DBDD2B692 /* FeaturedSection.graphql.swift in Sources */,
				2D64EF0AA005222582181513 /* IconGridSection.graphql.swift in Sources */,
				2D64E5783267C5E49617E136 /* LessonPagination.graphql.swift in Sources */,
				2D64EA258BF348620092C2F5 /* SeasonPagination.graphql.swift in Sources */,
				2D64ED9D5B6FC32EC612B7DA /* EpisodePagination.graphql.swift in Sources */,
				2D64E41D4951DB7EDA606531 /* PosterGridSection.graphql.swift in Sources */,
				2D64E216A050FD9063A0261B /* SectionPagination.graphql.swift in Sources */,
				2D64EC547B4E2C1E4FA25C82 /* AchievementSection.graphql.swift in Sources */,
				2D64E0CB808A3B33129D11B8 /* DefaultGridSection.graphql.swift in Sources */,
				2D64EE636A76CD4921AA0B62 /* PageDetailsSection.graphql.swift in Sources */,
				2D64EC4A5D0BD3FF43E3822B /* QuestionPagination.graphql.swift in Sources */,
				2D64E7F4FC3B3B7DBA035F86 /* AchievementPagination.graphql.swift in Sources */,
				2D64EB5A04A2A093FC5A8682 /* FAQCategoryPagination.graphql.swift in Sources */,
				2D64E7180187DCD1F89D95E9 /* SectionItemPagination.graphql.swift in Sources */,
				2D64E34D0343B2EEE67528CF /* CollectionItemPagination.graphql.swift in Sources */,
				09113B0229C301050087B9A2 /* Search.swift in Sources */,
				2D64E4D4E2231C315CB5D131 /* SurveyQuestionPagination.graphql.swift in Sources */,
				0943E18729BB36590016348C /* ItemSection.swift in Sources */,
				2D64E0E5B226D5F5E41136BE /* AchievementGroupPagination.graphql.swift in Sources */,
				2D64EA7B4C176797B1E088C2 /* UserCollectionEntryPagination.graphql.swift in Sources */,
				2D64E80F341585D961122E21 /* Section.graphql.swift in Sources */,
				2D64E1B810ADAACBE56AF411 /* Pagination.graphql.swift in Sources */,
				2D64EEBA61B1BB8089E3DE37 /* GridSection.graphql.swift in Sources */,
				2D64E46DC1FE0D239FCFE65B /* ItemSection.graphql.swift in Sources */,
				2D64E64E4CA89138378CFF08 /* SchemaConfiguration.swift in Sources */,
				2D64E619C2009D6138134650 /* SchemaMetadata.graphql.swift in Sources */,
				2D64E3574F8FE9C8259A7BF1 /* GetPageQuery.graphql.swift in Sources */,
				2D64E267FC015A68C1B39A70 /* Client.swift in Sources */,
				2D64EB01141BDD3E26A44A52 /* API.graphql.swift in Sources */,
				2D64EA29005F0263D6C3B55E /* Viewer.swift in Sources */,
				2D64E1C4B94175BAA320E125 /* GetEpisodeQuery.graphql.swift in Sources */,
				2D64EF6DB1074E0B52429125 /* Episode.graphql.swift in Sources */,
				2D64E5ACD3C0AEA5B9C60CB9 /* Stream.graphql.swift in Sources */,
				2D64EAEA8094623CC4A3B22E /* StreamType.graphql.swift in Sources */,
				2D64EBCA110C5401299BB8D0 /* SearchResultItem.graphql.swift in Sources */,
				2D64E862FA888C19CA9A86D4 /* EpisodeSearchItem.graphql.swift in Sources */,
				2D64EC84B351057A4F8EEC4C /* SeasonSearchItem.graphql.swift in Sources */,
				2D64ED2949C6BC23A55B73DA /* ShowSearchItem.graphql.swift in Sources */,
				2D64EFC666A30B806DD180B5 /* SearchResult.graphql.swift in Sources */,
				2D64EC3F3D775CA8A718F9A5 /* SearchQuery.graphql.swift in Sources */,
			);
			runOnlyForDeploymentPostprocessing = 0;
		};
/* End PBXSourcesBuildPhase section */

/* Begin XCBuildConfiguration section */
		2D64E048413A976EE07D5D0D /* Release */ = {
			isa = XCBuildConfiguration;
			baseConfigurationReference = 813688CB7A184112622820A5 /* Pods-appletv.release.xcconfig */;
			buildSettings = {
				ASSETCATALOG_COMPILER_APPICON_NAME = "App Icon & Top Shelf Image";
				ASSETCATALOG_COMPILER_GLOBAL_ACCENT_COLOR_NAME = AccentColor;
				CURRENT_PROJECT_VERSION = 1;
				DEVELOPMENT_ASSET_PATHS = "\"appletv/Preview Content\"";
				DEVELOPMENT_TEAM = TRTNB29F98;
				ENABLE_PREVIEWS = YES;
				GENERATE_INFOPLIST_FILE = YES;
				INFOPLIST_KEY_UILaunchScreen_Generation = YES;
				INFOPLIST_KEY_UIUserInterfaceStyle = Automatic;
				LD_RUNPATH_SEARCH_PATHS = "$(inherited) @executable_path/Frameworks";
				MARKETING_VERSION = 1.0;
				PRODUCT_BUNDLE_IDENTIFIER = bcc.media.appletv;
				PRODUCT_NAME = "$(TARGET_NAME)";
				SWIFT_EMIT_LOC_STRINGS = YES;
				SWIFT_VERSION = 5.0;
				TARGETED_DEVICE_FAMILY = 3;
			};
			name = Release;
		};
		2D64E51A8B2C2D9541EC47D7 /* Release */ = {
			isa = XCBuildConfiguration;
			buildSettings = {
				ALWAYS_SEARCH_USER_PATHS = NO;
				CLANG_ANALYZER_NONNULL = YES;
				CLANG_ANALYZER_NUMBER_OBJECT_CONVERSION = YES_AGGRESSIVE;
				CLANG_CXX_LANGUAGE_STANDARD = "gnu++20";
				CLANG_ENABLE_MODULES = YES;
				CLANG_ENABLE_OBJC_ARC = YES;
				CLANG_ENABLE_OBJC_WEAK = YES;
				CLANG_WARN_BLOCK_CAPTURE_AUTORELEASING = YES;
				CLANG_WARN_BOOL_CONVERSION = YES;
				CLANG_WARN_COMMA = YES;
				CLANG_WARN_CONSTANT_CONVERSION = YES;
				CLANG_WARN_DEPRECATED_OBJC_IMPLEMENTATIONS = YES;
				CLANG_WARN_DIRECT_OBJC_ISA_USAGE = YES_ERROR;
				CLANG_WARN_DOCUMENTATION_COMMENTS = YES;
				CLANG_WARN_EMPTY_BODY = YES;
				CLANG_WARN_ENUM_CONVERSION = YES;
				CLANG_WARN_INFINITE_RECURSION = YES;
				CLANG_WARN_INT_CONVERSION = YES;
				CLANG_WARN_NON_LITERAL_NULL_CONVERSION = YES;
				CLANG_WARN_OBJC_IMPLICIT_RETAIN_SELF = YES;
				CLANG_WARN_OBJC_LITERAL_CONVERSION = YES;
				CLANG_WARN_OBJC_ROOT_CLASS = YES_ERROR;
				CLANG_WARN_QUOTED_INCLUDE_IN_FRAMEWORK_HEADER = YES;
				CLANG_WARN_RANGE_LOOP_ANALYSIS = YES;
				CLANG_WARN_STRICT_PROTOTYPES = YES;
				CLANG_WARN_SUSPICIOUS_MOVE = YES;
				CLANG_WARN_UNGUARDED_AVAILABILITY = YES_AGGRESSIVE;
				CLANG_WARN_UNREACHABLE_CODE = YES;
				CLANG_WARN__DUPLICATE_METHOD_MATCH = YES;
				COPY_PHASE_STRIP = NO;
				DEBUG_INFORMATION_FORMAT = "dwarf-with-dsym";
				ENABLE_NS_ASSERTIONS = NO;
				ENABLE_STRICT_OBJC_MSGSEND = YES;
				GCC_C_LANGUAGE_STANDARD = gnu11;
				GCC_NO_COMMON_BLOCKS = YES;
				GCC_WARN_64_TO_32_BIT_CONVERSION = YES;
				GCC_WARN_ABOUT_RETURN_TYPE = YES_ERROR;
				GCC_WARN_UNDECLARED_SELECTOR = YES;
				GCC_WARN_UNINITIALIZED_AUTOS = YES_AGGRESSIVE;
				GCC_WARN_UNUSED_FUNCTION = YES;
				GCC_WARN_UNUSED_VARIABLE = YES;
				MTL_ENABLE_DEBUG_INFO = NO;
				MTL_FAST_MATH = YES;
				SDKROOT = appletvos;
				SWIFT_OPTIMIZATION_LEVEL = "-Owholemodule";
				TVOS_DEPLOYMENT_TARGET = 16.1;
				VALIDATE_PRODUCT = YES;
			};
			name = Release;
		};
		2D64EBBC942D1316DB8AEF69 /* Debug */ = {
			isa = XCBuildConfiguration;
			buildSettings = {
				ALWAYS_SEARCH_USER_PATHS = NO;
				CLANG_ANALYZER_NONNULL = YES;
				CLANG_ANALYZER_NUMBER_OBJECT_CONVERSION = YES_AGGRESSIVE;
				CLANG_CXX_LANGUAGE_STANDARD = "gnu++20";
				CLANG_ENABLE_MODULES = YES;
				CLANG_ENABLE_OBJC_ARC = YES;
				CLANG_ENABLE_OBJC_WEAK = YES;
				CLANG_WARN_BLOCK_CAPTURE_AUTORELEASING = YES;
				CLANG_WARN_BOOL_CONVERSION = YES;
				CLANG_WARN_COMMA = YES;
				CLANG_WARN_CONSTANT_CONVERSION = YES;
				CLANG_WARN_DEPRECATED_OBJC_IMPLEMENTATIONS = YES;
				CLANG_WARN_DIRECT_OBJC_ISA_USAGE = YES_ERROR;
				CLANG_WARN_DOCUMENTATION_COMMENTS = YES;
				CLANG_WARN_EMPTY_BODY = YES;
				CLANG_WARN_ENUM_CONVERSION = YES;
				CLANG_WARN_INFINITE_RECURSION = YES;
				CLANG_WARN_INT_CONVERSION = YES;
				CLANG_WARN_NON_LITERAL_NULL_CONVERSION = YES;
				CLANG_WARN_OBJC_IMPLICIT_RETAIN_SELF = YES;
				CLANG_WARN_OBJC_LITERAL_CONVERSION = YES;
				CLANG_WARN_OBJC_ROOT_CLASS = YES_ERROR;
				CLANG_WARN_QUOTED_INCLUDE_IN_FRAMEWORK_HEADER = YES;
				CLANG_WARN_RANGE_LOOP_ANALYSIS = YES;
				CLANG_WARN_STRICT_PROTOTYPES = YES;
				CLANG_WARN_SUSPICIOUS_MOVE = YES;
				CLANG_WARN_UNGUARDED_AVAILABILITY = YES_AGGRESSIVE;
				CLANG_WARN_UNREACHABLE_CODE = YES;
				CLANG_WARN__DUPLICATE_METHOD_MATCH = YES;
				COPY_PHASE_STRIP = NO;
				DEBUG_INFORMATION_FORMAT = dwarf;
				ENABLE_STRICT_OBJC_MSGSEND = YES;
				ENABLE_TESTABILITY = YES;
				GCC_C_LANGUAGE_STANDARD = gnu11;
				GCC_DYNAMIC_NO_PIC = NO;
				GCC_NO_COMMON_BLOCKS = YES;
				GCC_OPTIMIZATION_LEVEL = 0;
				GCC_PREPROCESSOR_DEFINITIONS = (
					"DEBUG=1",
					"$(inherited)",
				);
				GCC_WARN_64_TO_32_BIT_CONVERSION = YES;
				GCC_WARN_ABOUT_RETURN_TYPE = YES_ERROR;
				GCC_WARN_UNDECLARED_SELECTOR = YES;
				GCC_WARN_UNINITIALIZED_AUTOS = YES_AGGRESSIVE;
				GCC_WARN_UNUSED_FUNCTION = YES;
				GCC_WARN_UNUSED_VARIABLE = YES;
				MTL_ENABLE_DEBUG_INFO = INCLUDE_SOURCE;
				MTL_FAST_MATH = YES;
				ONLY_ACTIVE_ARCH = YES;
				SDKROOT = appletvos;
				SWIFT_ACTIVE_COMPILATION_CONDITIONS = DEBUG;
				SWIFT_OPTIMIZATION_LEVEL = "-Onone";
				TVOS_DEPLOYMENT_TARGET = 16.1;
			};
			name = Debug;
		};
		2D64ECAD4394F8639804D737 /* Debug */ = {
			isa = XCBuildConfiguration;
			baseConfigurationReference = 7C27C0DB5C37CE45645B3F3D /* Pods-appletv.debug.xcconfig */;
			buildSettings = {
				ASSETCATALOG_COMPILER_APPICON_NAME = "App Icon & Top Shelf Image";
				ASSETCATALOG_COMPILER_GLOBAL_ACCENT_COLOR_NAME = AccentColor;
				CURRENT_PROJECT_VERSION = 1;
				DEVELOPMENT_ASSET_PATHS = "\"appletv/Preview Content\"";
				DEVELOPMENT_TEAM = TRTNB29F98;
				ENABLE_PREVIEWS = YES;
				GENERATE_INFOPLIST_FILE = YES;
				INFOPLIST_KEY_UILaunchScreen_Generation = YES;
				INFOPLIST_KEY_UIUserInterfaceStyle = Automatic;
				LD_RUNPATH_SEARCH_PATHS = "$(inherited) @executable_path/Frameworks";
				MARKETING_VERSION = 1.0;
				PRODUCT_BUNDLE_IDENTIFIER = bcc.media.appletv;
				PRODUCT_NAME = "$(TARGET_NAME)";
				SWIFT_EMIT_LOC_STRINGS = YES;
				SWIFT_VERSION = 5.0;
				TARGETED_DEVICE_FAMILY = 3;
			};
			name = Debug;
		};
/* End XCBuildConfiguration section */

/* Begin XCConfigurationList section */
		2D64E44954A9332356A1F07B /* Build configuration list for PBXProject "appletv" */ = {
			isa = XCConfigurationList;
			buildConfigurations = (
				2D64EBBC942D1316DB8AEF69 /* Debug */,
				2D64E51A8B2C2D9541EC47D7 /* Release */,
			);
			defaultConfigurationIsVisible = 0;
			defaultConfigurationName = Release;
		};
		2D64E63D193AD5912C5E7D40 /* Build configuration list for PBXNativeTarget "appletv" */ = {
			isa = XCConfigurationList;
			buildConfigurations = (
				2D64ECAD4394F8639804D737 /* Debug */,
				2D64E048413A976EE07D5D0D /* Release */,
			);
			defaultConfigurationIsVisible = 0;
			defaultConfigurationName = Release;
		};
/* End XCConfigurationList section */
	};
	rootObject = 2D64E1D850C94864AD6538E2 /* Project object */;
}
