// !$*UTF8*$!
{
	archiveVersion = 1;
	classes = {
	};
	objectVersion = 56;
	objects = {

/* Begin PBXBuildFile section */
		09113B0029C081810087B9A2 /* View.swift in Sources */ = {isa = PBXBuildFile; fileRef = 09113AFF29C081810087B9A2 /* View.swift */; };
		091D4EEB29EE7C7100B67232 /* DefaultSection.swift in Sources */ = {isa = PBXBuildFile; fileRef = 091D4EEA29EE7C7100B67232 /* DefaultSection.swift */; };
		091D4F4A29EEB5E900B67232 /* SectionItemType.graphql.swift in Sources */ = {isa = PBXBuildFile; fileRef = 091D4F0829EEB5E900B67232 /* SectionItemType.graphql.swift */; };
		091D4F4B29EEB5E900B67232 /* Language.swift in Sources */ = {isa = PBXBuildFile; fileRef = 091D4F0A29EEB5E900B67232 /* Language.swift */; };
		091D4F4C29EEB5E900B67232 /* StreamType.graphql.swift in Sources */ = {isa = PBXBuildFile; fileRef = 091D4F0C29EEB5E900B67232 /* StreamType.graphql.swift */; };
		091D4F4D29EEB5E900B67232 /* Show.graphql.swift in Sources */ = {isa = PBXBuildFile; fileRef = 091D4F0E29EEB5E900B67232 /* Show.graphql.swift */; };
		091D4F4E29EEB5E900B67232 /* Link.graphql.swift in Sources */ = {isa = PBXBuildFile; fileRef = 091D4F0F29EEB5E900B67232 /* Link.graphql.swift */; };
		091D4F4F29EEB5E900B67232 /* FeaturedSection.graphql.swift in Sources */ = {isa = PBXBuildFile; fileRef = 091D4F1029EEB5E900B67232 /* FeaturedSection.graphql.swift */; };
		091D4F5029EEB5E900B67232 /* SectionPagination.graphql.swift in Sources */ = {isa = PBXBuildFile; fileRef = 091D4F1129EEB5E900B67232 /* SectionPagination.graphql.swift */; };
		091D4F5129EEB5E900B67232 /* CardSection.graphql.swift in Sources */ = {isa = PBXBuildFile; fileRef = 091D4F1229EEB5E900B67232 /* CardSection.graphql.swift */; };
		091D4F5229EEB5E900B67232 /* SectionItem.graphql.swift in Sources */ = {isa = PBXBuildFile; fileRef = 091D4F1329EEB5E900B67232 /* SectionItem.graphql.swift */; };
		091D4F5329EEB5E900B67232 /* TaskPagination.graphql.swift in Sources */ = {isa = PBXBuildFile; fileRef = 091D4F1429EEB5E900B67232 /* TaskPagination.graphql.swift */; };
		091D4F5429EEB5E900B67232 /* SeasonPagination.graphql.swift in Sources */ = {isa = PBXBuildFile; fileRef = 091D4F1529EEB5E900B67232 /* SeasonPagination.graphql.swift */; };
		091D4F5529EEB5E900B67232 /* DefaultSection.graphql.swift in Sources */ = {isa = PBXBuildFile; fileRef = 091D4F1629EEB5E900B67232 /* DefaultSection.graphql.swift */; };
		091D4F5629EEB5E900B67232 /* PosterGridSection.graphql.swift in Sources */ = {isa = PBXBuildFile; fileRef = 091D4F1729EEB5E900B67232 /* PosterGridSection.graphql.swift */; };
		091D4F5729EEB5E900B67232 /* PageDetailsSection.graphql.swift in Sources */ = {isa = PBXBuildFile; fileRef = 091D4F1829EEB5E900B67232 /* PageDetailsSection.graphql.swift */; };
		091D4F5829EEB5E900B67232 /* AchievementGroupPagination.graphql.swift in Sources */ = {isa = PBXBuildFile; fileRef = 091D4F1929EEB5E900B67232 /* AchievementGroupPagination.graphql.swift */; };
		091D4F5929EEB5E900B67232 /* Stream.graphql.swift in Sources */ = {isa = PBXBuildFile; fileRef = 091D4F1A29EEB5E900B67232 /* Stream.graphql.swift */; };
		091D4F5A29EEB5E900B67232 /* StudyTopic.graphql.swift in Sources */ = {isa = PBXBuildFile; fileRef = 091D4F1B29EEB5E900B67232 /* StudyTopic.graphql.swift */; };
		091D4F5B29EEB5E900B67232 /* AchievementSection.graphql.swift in Sources */ = {isa = PBXBuildFile; fileRef = 091D4F1C29EEB5E900B67232 /* AchievementSection.graphql.swift */; };
		091D4F5C29EEB5E900B67232 /* SearchResult.graphql.swift in Sources */ = {isa = PBXBuildFile; fileRef = 091D4F1D29EEB5E900B67232 /* SearchResult.graphql.swift */; };
		091D4F5D29EEB5E900B67232 /* EpisodePagination.graphql.swift in Sources */ = {isa = PBXBuildFile; fileRef = 091D4F1E29EEB5E900B67232 /* EpisodePagination.graphql.swift */; };
		091D4F5E29EEB5E900B67232 /* IconGridSection.graphql.swift in Sources */ = {isa = PBXBuildFile; fileRef = 091D4F1F29EEB5E900B67232 /* IconGridSection.graphql.swift */; };
		091D4F5F29EEB5E900B67232 /* UserCollectionEntryPagination.graphql.swift in Sources */ = {isa = PBXBuildFile; fileRef = 091D4F2029EEB5E900B67232 /* UserCollectionEntryPagination.graphql.swift */; };
		091D4F6029EEB5E900B67232 /* DefaultGridSection.graphql.swift in Sources */ = {isa = PBXBuildFile; fileRef = 091D4F2129EEB5E900B67232 /* DefaultGridSection.graphql.swift */; };
		091D4F6129EEB5E900B67232 /* QueryRoot.graphql.swift in Sources */ = {isa = PBXBuildFile; fileRef = 091D4F2229EEB5E900B67232 /* QueryRoot.graphql.swift */; };
		091D4F6229EEB5E900B67232 /* ListSection.graphql.swift in Sources */ = {isa = PBXBuildFile; fileRef = 091D4F2329EEB5E900B67232 /* ListSection.graphql.swift */; };
		091D4F6329EEB5E900B67232 /* PosterSection.graphql.swift in Sources */ = {isa = PBXBuildFile; fileRef = 091D4F2429EEB5E900B67232 /* PosterSection.graphql.swift */; };
		091D4F6429EEB5E900B67232 /* CardListSection.graphql.swift in Sources */ = {isa = PBXBuildFile; fileRef = 091D4F2529EEB5E900B67232 /* CardListSection.graphql.swift */; };
		091D4F6529EEB5E900B67232 /* EpisodeSearchItem.graphql.swift in Sources */ = {isa = PBXBuildFile; fileRef = 091D4F2629EEB5E900B67232 /* EpisodeSearchItem.graphql.swift */; };
		091D4F6629EEB5E900B67232 /* SurveyQuestionPagination.graphql.swift in Sources */ = {isa = PBXBuildFile; fileRef = 091D4F2729EEB5E900B67232 /* SurveyQuestionPagination.graphql.swift */; };
		091D4F6729EEB5E900B67232 /* Season.graphql.swift in Sources */ = {isa = PBXBuildFile; fileRef = 091D4F2829EEB5E900B67232 /* Season.graphql.swift */; };
		091D4F6829EEB5E900B67232 /* CollectionItemPagination.graphql.swift in Sources */ = {isa = PBXBuildFile; fileRef = 091D4F2929EEB5E900B67232 /* CollectionItemPagination.graphql.swift */; };
		091D4F6929EEB5E900B67232 /* Episode.graphql.swift in Sources */ = {isa = PBXBuildFile; fileRef = 091D4F2A29EEB5E900B67232 /* Episode.graphql.swift */; };
		091D4F6A29EEB5E900B67232 /* IconSection.graphql.swift in Sources */ = {isa = PBXBuildFile; fileRef = 091D4F2B29EEB5E900B67232 /* IconSection.graphql.swift */; };
		091D4F6B29EEB5E900B67232 /* Page.graphql.swift in Sources */ = {isa = PBXBuildFile; fileRef = 091D4F2C29EEB5E900B67232 /* Page.graphql.swift */; };
		091D4F6C29EEB5E900B67232 /* ShowSearchItem.graphql.swift in Sources */ = {isa = PBXBuildFile; fileRef = 091D4F2D29EEB5E900B67232 /* ShowSearchItem.graphql.swift */; };
		091D4F6D29EEB5E900B67232 /* LinkPagination.graphql.swift in Sources */ = {isa = PBXBuildFile; fileRef = 091D4F2E29EEB5E900B67232 /* LinkPagination.graphql.swift */; };
		091D4F6E29EEB5E900B67232 /* MessageSection.graphql.swift in Sources */ = {isa = PBXBuildFile; fileRef = 091D4F2F29EEB5E900B67232 /* MessageSection.graphql.swift */; };
		091D4F6F29EEB5E900B67232 /* AchievementPagination.graphql.swift in Sources */ = {isa = PBXBuildFile; fileRef = 091D4F3029EEB5E900B67232 /* AchievementPagination.graphql.swift */; };
		091D4F7029EEB5E900B67232 /* FAQCategoryPagination.graphql.swift in Sources */ = {isa = PBXBuildFile; fileRef = 091D4F3129EEB5E900B67232 /* FAQCategoryPagination.graphql.swift */; };
		091D4F7129EEB5E900B67232 /* Application.graphql.swift in Sources */ = {isa = PBXBuildFile; fileRef = 091D4F3229EEB5E900B67232 /* Application.graphql.swift */; };
		091D4F7229EEB5E900B67232 /* SeasonSearchItem.graphql.swift in Sources */ = {isa = PBXBuildFile; fileRef = 091D4F3329EEB5E900B67232 /* SeasonSearchItem.graphql.swift */; };
		091D4F7329EEB5E900B67232 /* LabelSection.graphql.swift in Sources */ = {isa = PBXBuildFile; fileRef = 091D4F3429EEB5E900B67232 /* LabelSection.graphql.swift */; };
		091D4F7429EEB5E900B67232 /* WebSection.graphql.swift in Sources */ = {isa = PBXBuildFile; fileRef = 091D4F3529EEB5E900B67232 /* WebSection.graphql.swift */; };
		091D4F7529EEB5E900B67232 /* SectionItemPagination.graphql.swift in Sources */ = {isa = PBXBuildFile; fileRef = 091D4F3629EEB5E900B67232 /* SectionItemPagination.graphql.swift */; };
		091D4F7629EEB5E900B67232 /* LessonPagination.graphql.swift in Sources */ = {isa = PBXBuildFile; fileRef = 091D4F3729EEB5E900B67232 /* LessonPagination.graphql.swift */; };
		091D4F7729EEB5E900B67232 /* QuestionPagination.graphql.swift in Sources */ = {isa = PBXBuildFile; fileRef = 091D4F3829EEB5E900B67232 /* QuestionPagination.graphql.swift */; };
		091D4F7829EEB5E900B67232 /* SchemaConfiguration.swift in Sources */ = {isa = PBXBuildFile; fileRef = 091D4F3929EEB5E900B67232 /* SchemaConfiguration.swift */; };
		091D4F7929EEB5E900B67232 /* SchemaMetadata.graphql.swift in Sources */ = {isa = PBXBuildFile; fileRef = 091D4F3A29EEB5E900B67232 /* SchemaMetadata.graphql.swift */; };
		091D4F7A29EEB5E900B67232 /* GridSection.graphql.swift in Sources */ = {isa = PBXBuildFile; fileRef = 091D4F3C29EEB5E900B67232 /* GridSection.graphql.swift */; };
		091D4F7B29EEB5E900B67232 /* Section.graphql.swift in Sources */ = {isa = PBXBuildFile; fileRef = 091D4F3D29EEB5E900B67232 /* Section.graphql.swift */; };
		091D4F7C29EEB5E900B67232 /* Pagination.graphql.swift in Sources */ = {isa = PBXBuildFile; fileRef = 091D4F3E29EEB5E900B67232 /* Pagination.graphql.swift */; };
		091D4F7D29EEB5E900B67232 /* ItemSection.graphql.swift in Sources */ = {isa = PBXBuildFile; fileRef = 091D4F3F29EEB5E900B67232 /* ItemSection.graphql.swift */; };
		091D4F7E29EEB5E900B67232 /* SearchResultItem.graphql.swift in Sources */ = {isa = PBXBuildFile; fileRef = 091D4F4029EEB5E900B67232 /* SearchResultItem.graphql.swift */; };
		091D4F7F29EEB5E900B67232 /* ItemSectionFragment.graphql.swift in Sources */ = {isa = PBXBuildFile; fileRef = 091D4F4229EEB5E900B67232 /* ItemSectionFragment.graphql.swift */; };
		091D4F8029EEB5E900B67232 /* SearchQuery.graphql.swift in Sources */ = {isa = PBXBuildFile; fileRef = 091D4F4529EEB5E900B67232 /* SearchQuery.graphql.swift */; };
		091D4F8129EEB5E900B67232 /* GetEpisodeQuery.graphql.swift in Sources */ = {isa = PBXBuildFile; fileRef = 091D4F4629EEB5E900B67232 /* GetEpisodeQuery.graphql.swift */; };
		091D4F8229EEB5E900B67232 /* GetConfigQuery.graphql.swift in Sources */ = {isa = PBXBuildFile; fileRef = 091D4F4729EEB5E900B67232 /* GetConfigQuery.graphql.swift */; };
		091D4F8329EEB5E900B67232 /* GetPageQuery.graphql.swift in Sources */ = {isa = PBXBuildFile; fileRef = 091D4F4829EEB5E900B67232 /* GetPageQuery.graphql.swift */; };
		091D4F8429EEB5E900B67232 /* GetApplicationQuery.graphql.swift in Sources */ = {isa = PBXBuildFile; fileRef = 091D4F4929EEB5E900B67232 /* GetApplicationQuery.graphql.swift */; };
		091D4F8729EEBD1400B67232 /* IconSection.swift in Sources */ = {isa = PBXBuildFile; fileRef = 091D4F8529EEBCA800B67232 /* IconSection.swift */; };
		0943E18729BB36590016348C /* ItemSection.swift in Sources */ = {isa = PBXBuildFile; fileRef = 0943E18629BB36590016348C /* ItemSection.swift */; };
		097D6EBC29F003310007E4FB /* Player.swift in Sources */ = {isa = PBXBuildFile; fileRef = 097D6EBB29F003310007E4FB /* Player.swift */; };
		0998F6F729ED4F2500C74B3F /* PosterSection.swift in Sources */ = {isa = PBXBuildFile; fileRef = 0998F6F629ED4F2500C74B3F /* PosterSection.swift */; };
		09E03AD229C887DF009329FF /* SignIn.swift in Sources */ = {isa = PBXBuildFile; fileRef = 09E03AD129C887DF009329FF /* SignIn.swift */; };
		09F503FB29ED3C2900D09674 /* Auth0.plist in Resources */ = {isa = PBXBuildFile; fileRef = 09F503FA29ED3C2900D09674 /* Auth0.plist */; };
		09F503FD29ED3CA900D09674 /* application.graphql in Resources */ = {isa = PBXBuildFile; fileRef = 09F503FC29ED3CA900D09674 /* application.graphql */; };
		2D64E1490AEFDC0AFB644FD8 /* Settings.swift in Sources */ = {isa = PBXBuildFile; fileRef = 2D64ECF03910A399CCB4894D /* Settings.swift */; };
		2D64E267FC015A68C1B39A70 /* Client.swift in Sources */ = {isa = PBXBuildFile; fileRef = 2D64E25DC70962DAFF7E7B4A /* Client.swift */; };
		2D64E34771A263A22B5AC55F /* apollo-codegen-config.json in Resources */ = {isa = PBXBuildFile; fileRef = 2D64E8004FA1585BA12AB539 /* apollo-codegen-config.json */; };
		2D64E647BDA05E0920C7DEC0 /* .gitignore in Resources */ = {isa = PBXBuildFile; fileRef = 2D64EDB7C7CC093B3800C7EB /* .gitignore */; };
		2D64E760D19676027A4A33F5 /* ContentView.swift in Sources */ = {isa = PBXBuildFile; fileRef = 2D64E460594AD4CC96AE76A4 /* ContentView.swift */; };
		2D64E78A38DE97116A7131C3 /* BCCMediaApp.swift in Sources */ = {isa = PBXBuildFile; fileRef = 2D64E2030CD962DA48716017 /* BCCMediaApp.swift */; };
		2D64E942E241ADF5F1CC8653 /* Live.swift in Sources */ = {isa = PBXBuildFile; fileRef = 2D64EC95DA7A0E51573DC051 /* Live.swift */; };
		2D64EA29005F0263D6C3B55E /* Viewer.swift in Sources */ = {isa = PBXBuildFile; fileRef = 2D64EA55186CD532816176C8 /* Viewer.swift */; };
		2D64EB01141BDD3E26A44A52 /* API.graphql.swift in Sources */ = {isa = PBXBuildFile; fileRef = 2D64E72E52A54DE58AACDEFF /* API.graphql.swift */; };
		2D64EC85401AF8C1D2388AE7 /* Search.swift in Sources */ = {isa = PBXBuildFile; fileRef = 2D64E8D1544EEBCFE89BE986 /* Search.swift */; };
		2D64ECB6DCDA4680003C7B61 /* ItemList.swift in Sources */ = {isa = PBXBuildFile; fileRef = 2D64ED5CD0F006989283F50E /* ItemList.swift */; };
		2D64ECB93F166B34429F7189 /* FeaturedSection.swift in Sources */ = {isa = PBXBuildFile; fileRef = 2D64EF54DB7C36BB151F58B2 /* FeaturedSection.swift */; };
		2D64ED9F85682E932301E953 /* Assets.xcassets in Resources */ = {isa = PBXBuildFile; fileRef = 2D64E9AA1E75A14695918908 /* Assets.xcassets */; };
		2D64EE239D92660EB7149279 /* AuthenticationProvider.swift in Sources */ = {isa = PBXBuildFile; fileRef = 2D64EA392C7B14552679FE6E /* AuthenticationProvider.swift */; };
/* End PBXBuildFile section */

/* Begin PBXCopyFilesBuildPhase section */
		09F2A4E829C9B25100BA9F28 /* Embed Foundation Extensions */ = {
			isa = PBXCopyFilesBuildPhase;
			buildActionMask = 2147483647;
			dstPath = "";
			dstSubfolderSpec = 13;
			files = (
			);
			name = "Embed Foundation Extensions";
			runOnlyForDeploymentPostprocessing = 0;
		};
/* End PBXCopyFilesBuildPhase section */

/* Begin PBXFileReference section */
		09113AFF29C081810087B9A2 /* View.swift */ = {isa = PBXFileReference; lastKnownFileType = sourcecode.swift; path = View.swift; sourceTree = "<group>"; };
		091D4EEA29EE7C7100B67232 /* DefaultSection.swift */ = {isa = PBXFileReference; lastKnownFileType = sourcecode.swift; path = DefaultSection.swift; sourceTree = "<group>"; };
		091D4F0829EEB5E900B67232 /* SectionItemType.graphql.swift */ = {isa = PBXFileReference; fileEncoding = 4; lastKnownFileType = sourcecode.swift; path = SectionItemType.graphql.swift; sourceTree = "<group>"; };
		091D4F0A29EEB5E900B67232 /* Language.swift */ = {isa = PBXFileReference; fileEncoding = 4; lastKnownFileType = sourcecode.swift; path = Language.swift; sourceTree = "<group>"; };
		091D4F0C29EEB5E900B67232 /* StreamType.graphql.swift */ = {isa = PBXFileReference; fileEncoding = 4; lastKnownFileType = sourcecode.swift; path = StreamType.graphql.swift; sourceTree = "<group>"; };
		091D4F0E29EEB5E900B67232 /* Show.graphql.swift */ = {isa = PBXFileReference; fileEncoding = 4; lastKnownFileType = sourcecode.swift; path = Show.graphql.swift; sourceTree = "<group>"; };
		091D4F0F29EEB5E900B67232 /* Link.graphql.swift */ = {isa = PBXFileReference; fileEncoding = 4; lastKnownFileType = sourcecode.swift; path = Link.graphql.swift; sourceTree = "<group>"; };
		091D4F1029EEB5E900B67232 /* FeaturedSection.graphql.swift */ = {isa = PBXFileReference; fileEncoding = 4; lastKnownFileType = sourcecode.swift; path = FeaturedSection.graphql.swift; sourceTree = "<group>"; };
		091D4F1129EEB5E900B67232 /* SectionPagination.graphql.swift */ = {isa = PBXFileReference; fileEncoding = 4; lastKnownFileType = sourcecode.swift; path = SectionPagination.graphql.swift; sourceTree = "<group>"; };
		091D4F1229EEB5E900B67232 /* CardSection.graphql.swift */ = {isa = PBXFileReference; fileEncoding = 4; lastKnownFileType = sourcecode.swift; path = CardSection.graphql.swift; sourceTree = "<group>"; };
		091D4F1329EEB5E900B67232 /* SectionItem.graphql.swift */ = {isa = PBXFileReference; fileEncoding = 4; lastKnownFileType = sourcecode.swift; path = SectionItem.graphql.swift; sourceTree = "<group>"; };
		091D4F1429EEB5E900B67232 /* TaskPagination.graphql.swift */ = {isa = PBXFileReference; fileEncoding = 4; lastKnownFileType = sourcecode.swift; path = TaskPagination.graphql.swift; sourceTree = "<group>"; };
		091D4F1529EEB5E900B67232 /* SeasonPagination.graphql.swift */ = {isa = PBXFileReference; fileEncoding = 4; lastKnownFileType = sourcecode.swift; path = SeasonPagination.graphql.swift; sourceTree = "<group>"; };
		091D4F1629EEB5E900B67232 /* DefaultSection.graphql.swift */ = {isa = PBXFileReference; fileEncoding = 4; lastKnownFileType = sourcecode.swift; path = DefaultSection.graphql.swift; sourceTree = "<group>"; };
		091D4F1729EEB5E900B67232 /* PosterGridSection.graphql.swift */ = {isa = PBXFileReference; fileEncoding = 4; lastKnownFileType = sourcecode.swift; path = PosterGridSection.graphql.swift; sourceTree = "<group>"; };
		091D4F1829EEB5E900B67232 /* PageDetailsSection.graphql.swift */ = {isa = PBXFileReference; fileEncoding = 4; lastKnownFileType = sourcecode.swift; path = PageDetailsSection.graphql.swift; sourceTree = "<group>"; };
		091D4F1929EEB5E900B67232 /* AchievementGroupPagination.graphql.swift */ = {isa = PBXFileReference; fileEncoding = 4; lastKnownFileType = sourcecode.swift; path = AchievementGroupPagination.graphql.swift; sourceTree = "<group>"; };
		091D4F1A29EEB5E900B67232 /* Stream.graphql.swift */ = {isa = PBXFileReference; fileEncoding = 4; lastKnownFileType = sourcecode.swift; path = Stream.graphql.swift; sourceTree = "<group>"; };
		091D4F1B29EEB5E900B67232 /* StudyTopic.graphql.swift */ = {isa = PBXFileReference; fileEncoding = 4; lastKnownFileType = sourcecode.swift; path = StudyTopic.graphql.swift; sourceTree = "<group>"; };
		091D4F1C29EEB5E900B67232 /* AchievementSection.graphql.swift */ = {isa = PBXFileReference; fileEncoding = 4; lastKnownFileType = sourcecode.swift; path = AchievementSection.graphql.swift; sourceTree = "<group>"; };
		091D4F1D29EEB5E900B67232 /* SearchResult.graphql.swift */ = {isa = PBXFileReference; fileEncoding = 4; lastKnownFileType = sourcecode.swift; path = SearchResult.graphql.swift; sourceTree = "<group>"; };
		091D4F1E29EEB5E900B67232 /* EpisodePagination.graphql.swift */ = {isa = PBXFileReference; fileEncoding = 4; lastKnownFileType = sourcecode.swift; path = EpisodePagination.graphql.swift; sourceTree = "<group>"; };
		091D4F1F29EEB5E900B67232 /* IconGridSection.graphql.swift */ = {isa = PBXFileReference; fileEncoding = 4; lastKnownFileType = sourcecode.swift; path = IconGridSection.graphql.swift; sourceTree = "<group>"; };
		091D4F2029EEB5E900B67232 /* UserCollectionEntryPagination.graphql.swift */ = {isa = PBXFileReference; fileEncoding = 4; lastKnownFileType = sourcecode.swift; path = UserCollectionEntryPagination.graphql.swift; sourceTree = "<group>"; };
		091D4F2129EEB5E900B67232 /* DefaultGridSection.graphql.swift */ = {isa = PBXFileReference; fileEncoding = 4; lastKnownFileType = sourcecode.swift; path = DefaultGridSection.graphql.swift; sourceTree = "<group>"; };
		091D4F2229EEB5E900B67232 /* QueryRoot.graphql.swift */ = {isa = PBXFileReference; fileEncoding = 4; lastKnownFileType = sourcecode.swift; path = QueryRoot.graphql.swift; sourceTree = "<group>"; };
		091D4F2329EEB5E900B67232 /* ListSection.graphql.swift */ = {isa = PBXFileReference; fileEncoding = 4; lastKnownFileType = sourcecode.swift; path = ListSection.graphql.swift; sourceTree = "<group>"; };
		091D4F2429EEB5E900B67232 /* PosterSection.graphql.swift */ = {isa = PBXFileReference; fileEncoding = 4; lastKnownFileType = sourcecode.swift; path = PosterSection.graphql.swift; sourceTree = "<group>"; };
		091D4F2529EEB5E900B67232 /* CardListSection.graphql.swift */ = {isa = PBXFileReference; fileEncoding = 4; lastKnownFileType = sourcecode.swift; path = CardListSection.graphql.swift; sourceTree = "<group>"; };
		091D4F2629EEB5E900B67232 /* EpisodeSearchItem.graphql.swift */ = {isa = PBXFileReference; fileEncoding = 4; lastKnownFileType = sourcecode.swift; path = EpisodeSearchItem.graphql.swift; sourceTree = "<group>"; };
		091D4F2729EEB5E900B67232 /* SurveyQuestionPagination.graphql.swift */ = {isa = PBXFileReference; fileEncoding = 4; lastKnownFileType = sourcecode.swift; path = SurveyQuestionPagination.graphql.swift; sourceTree = "<group>"; };
		091D4F2829EEB5E900B67232 /* Season.graphql.swift */ = {isa = PBXFileReference; fileEncoding = 4; lastKnownFileType = sourcecode.swift; path = Season.graphql.swift; sourceTree = "<group>"; };
		091D4F2929EEB5E900B67232 /* CollectionItemPagination.graphql.swift */ = {isa = PBXFileReference; fileEncoding = 4; lastKnownFileType = sourcecode.swift; path = CollectionItemPagination.graphql.swift; sourceTree = "<group>"; };
		091D4F2A29EEB5E900B67232 /* Episode.graphql.swift */ = {isa = PBXFileReference; fileEncoding = 4; lastKnownFileType = sourcecode.swift; path = Episode.graphql.swift; sourceTree = "<group>"; };
		091D4F2B29EEB5E900B67232 /* IconSection.graphql.swift */ = {isa = PBXFileReference; fileEncoding = 4; lastKnownFileType = sourcecode.swift; path = IconSection.graphql.swift; sourceTree = "<group>"; };
		091D4F2C29EEB5E900B67232 /* Page.graphql.swift */ = {isa = PBXFileReference; fileEncoding = 4; lastKnownFileType = sourcecode.swift; path = Page.graphql.swift; sourceTree = "<group>"; };
		091D4F2D29EEB5E900B67232 /* ShowSearchItem.graphql.swift */ = {isa = PBXFileReference; fileEncoding = 4; lastKnownFileType = sourcecode.swift; path = ShowSearchItem.graphql.swift; sourceTree = "<group>"; };
		091D4F2E29EEB5E900B67232 /* LinkPagination.graphql.swift */ = {isa = PBXFileReference; fileEncoding = 4; lastKnownFileType = sourcecode.swift; path = LinkPagination.graphql.swift; sourceTree = "<group>"; };
		091D4F2F29EEB5E900B67232 /* MessageSection.graphql.swift */ = {isa = PBXFileReference; fileEncoding = 4; lastKnownFileType = sourcecode.swift; path = MessageSection.graphql.swift; sourceTree = "<group>"; };
		091D4F3029EEB5E900B67232 /* AchievementPagination.graphql.swift */ = {isa = PBXFileReference; fileEncoding = 4; lastKnownFileType = sourcecode.swift; path = AchievementPagination.graphql.swift; sourceTree = "<group>"; };
		091D4F3129EEB5E900B67232 /* FAQCategoryPagination.graphql.swift */ = {isa = PBXFileReference; fileEncoding = 4; lastKnownFileType = sourcecode.swift; path = FAQCategoryPagination.graphql.swift; sourceTree = "<group>"; };
		091D4F3229EEB5E900B67232 /* Application.graphql.swift */ = {isa = PBXFileReference; fileEncoding = 4; lastKnownFileType = sourcecode.swift; path = Application.graphql.swift; sourceTree = "<group>"; };
		091D4F3329EEB5E900B67232 /* SeasonSearchItem.graphql.swift */ = {isa = PBXFileReference; fileEncoding = 4; lastKnownFileType = sourcecode.swift; path = SeasonSearchItem.graphql.swift; sourceTree = "<group>"; };
		091D4F3429EEB5E900B67232 /* LabelSection.graphql.swift */ = {isa = PBXFileReference; fileEncoding = 4; lastKnownFileType = sourcecode.swift; path = LabelSection.graphql.swift; sourceTree = "<group>"; };
		091D4F3529EEB5E900B67232 /* WebSection.graphql.swift */ = {isa = PBXFileReference; fileEncoding = 4; lastKnownFileType = sourcecode.swift; path = WebSection.graphql.swift; sourceTree = "<group>"; };
		091D4F3629EEB5E900B67232 /* SectionItemPagination.graphql.swift */ = {isa = PBXFileReference; fileEncoding = 4; lastKnownFileType = sourcecode.swift; path = SectionItemPagination.graphql.swift; sourceTree = "<group>"; };
		091D4F3729EEB5E900B67232 /* LessonPagination.graphql.swift */ = {isa = PBXFileReference; fileEncoding = 4; lastKnownFileType = sourcecode.swift; path = LessonPagination.graphql.swift; sourceTree = "<group>"; };
		091D4F3829EEB5E900B67232 /* QuestionPagination.graphql.swift */ = {isa = PBXFileReference; fileEncoding = 4; lastKnownFileType = sourcecode.swift; path = QuestionPagination.graphql.swift; sourceTree = "<group>"; };
		091D4F3929EEB5E900B67232 /* SchemaConfiguration.swift */ = {isa = PBXFileReference; fileEncoding = 4; lastKnownFileType = sourcecode.swift; path = SchemaConfiguration.swift; sourceTree = "<group>"; };
		091D4F3A29EEB5E900B67232 /* SchemaMetadata.graphql.swift */ = {isa = PBXFileReference; fileEncoding = 4; lastKnownFileType = sourcecode.swift; path = SchemaMetadata.graphql.swift; sourceTree = "<group>"; };
		091D4F3C29EEB5E900B67232 /* GridSection.graphql.swift */ = {isa = PBXFileReference; fileEncoding = 4; lastKnownFileType = sourcecode.swift; path = GridSection.graphql.swift; sourceTree = "<group>"; };
		091D4F3D29EEB5E900B67232 /* Section.graphql.swift */ = {isa = PBXFileReference; fileEncoding = 4; lastKnownFileType = sourcecode.swift; path = Section.graphql.swift; sourceTree = "<group>"; };
		091D4F3E29EEB5E900B67232 /* Pagination.graphql.swift */ = {isa = PBXFileReference; fileEncoding = 4; lastKnownFileType = sourcecode.swift; path = Pagination.graphql.swift; sourceTree = "<group>"; };
		091D4F3F29EEB5E900B67232 /* ItemSection.graphql.swift */ = {isa = PBXFileReference; fileEncoding = 4; lastKnownFileType = sourcecode.swift; path = ItemSection.graphql.swift; sourceTree = "<group>"; };
		091D4F4029EEB5E900B67232 /* SearchResultItem.graphql.swift */ = {isa = PBXFileReference; fileEncoding = 4; lastKnownFileType = sourcecode.swift; path = SearchResultItem.graphql.swift; sourceTree = "<group>"; };
		091D4F4229EEB5E900B67232 /* ItemSectionFragment.graphql.swift */ = {isa = PBXFileReference; fileEncoding = 4; lastKnownFileType = sourcecode.swift; path = ItemSectionFragment.graphql.swift; sourceTree = "<group>"; };
		091D4F4529EEB5E900B67232 /* SearchQuery.graphql.swift */ = {isa = PBXFileReference; fileEncoding = 4; lastKnownFileType = sourcecode.swift; path = SearchQuery.graphql.swift; sourceTree = "<group>"; };
		091D4F4629EEB5E900B67232 /* GetEpisodeQuery.graphql.swift */ = {isa = PBXFileReference; fileEncoding = 4; lastKnownFileType = sourcecode.swift; path = GetEpisodeQuery.graphql.swift; sourceTree = "<group>"; };
		091D4F4729EEB5E900B67232 /* GetConfigQuery.graphql.swift */ = {isa = PBXFileReference; fileEncoding = 4; lastKnownFileType = sourcecode.swift; path = GetConfigQuery.graphql.swift; sourceTree = "<group>"; };
		091D4F4829EEB5E900B67232 /* GetPageQuery.graphql.swift */ = {isa = PBXFileReference; fileEncoding = 4; lastKnownFileType = sourcecode.swift; path = GetPageQuery.graphql.swift; sourceTree = "<group>"; };
		091D4F4929EEB5E900B67232 /* GetApplicationQuery.graphql.swift */ = {isa = PBXFileReference; fileEncoding = 4; lastKnownFileType = sourcecode.swift; path = GetApplicationQuery.graphql.swift; sourceTree = "<group>"; };
		091D4F8529EEBCA800B67232 /* IconSection.swift */ = {isa = PBXFileReference; fileEncoding = 4; lastKnownFileType = sourcecode.swift; path = IconSection.swift; sourceTree = "<group>"; };
		0943E18629BB36590016348C /* ItemSection.swift */ = {isa = PBXFileReference; lastKnownFileType = sourcecode.swift; path = ItemSection.swift; sourceTree = "<group>"; };
		097D6EBB29F003310007E4FB /* Player.swift */ = {isa = PBXFileReference; lastKnownFileType = sourcecode.swift; path = Player.swift; sourceTree = "<group>"; };
		0998F6F529ED4CEB00C74B3F /* BCC Media.app */ = {isa = PBXFileReference; explicitFileType = wrapper.application; includeInIndex = 0; path = "BCC Media.app"; sourceTree = BUILT_PRODUCTS_DIR; };
		0998F6F629ED4F2500C74B3F /* PosterSection.swift */ = {isa = PBXFileReference; lastKnownFileType = sourcecode.swift; path = PosterSection.swift; sourceTree = "<group>"; };
		09E03AD129C887DF009329FF /* SignIn.swift */ = {isa = PBXFileReference; lastKnownFileType = sourcecode.swift; path = SignIn.swift; sourceTree = "<group>"; };
		09F503FA29ED3C2900D09674 /* Auth0.plist */ = {isa = PBXFileReference; fileEncoding = 4; lastKnownFileType = text.plist.xml; path = Auth0.plist; sourceTree = "<group>"; };
		09F503FC29ED3CA900D09674 /* application.graphql */ = {isa = PBXFileReference; lastKnownFileType = text; path = application.graphql; sourceTree = "<group>"; };
		268F212B2F84BA3D5AD1D07C /* Pods-BCC Media.debug.xcconfig */ = {isa = PBXFileReference; includeInIndex = 1; lastKnownFileType = text.xcconfig; name = "Pods-BCC Media.debug.xcconfig"; path = "Target Support Files/Pods-BCC Media/Pods-BCC Media.debug.xcconfig"; sourceTree = "<group>"; };
		2D64E027F4FB0C8D21E74DEA /* Makefile */ = {isa = PBXFileReference; lastKnownFileType = text; path = Makefile; sourceTree = "<group>"; };
		2D64E2030CD962DA48716017 /* BCCMediaApp.swift */ = {isa = PBXFileReference; lastKnownFileType = sourcecode.swift; path = BCCMediaApp.swift; sourceTree = "<group>"; };
		2D64E25DC70962DAFF7E7B4A /* Client.swift */ = {isa = PBXFileReference; fileEncoding = 4; lastKnownFileType = sourcecode.swift; path = Client.swift; sourceTree = "<group>"; };
		2D64E27BFD5171F13EB6CD3C /* episode.graphql */ = {isa = PBXFileReference; lastKnownFileType = file.graphql; path = episode.graphql; sourceTree = "<group>"; };
		2D64E460594AD4CC96AE76A4 /* ContentView.swift */ = {isa = PBXFileReference; lastKnownFileType = sourcecode.swift; path = ContentView.swift; sourceTree = "<group>"; };
		2D64E60BE8A8BC49651E1EDB /* page.graphql */ = {isa = PBXFileReference; lastKnownFileType = file.graphql; path = page.graphql; sourceTree = "<group>"; };
		2D64E6A3CB798D4782033F09 /* .graphqlconfig */ = {isa = PBXFileReference; lastKnownFileType = file.graphqlconfig; path = .graphqlconfig; sourceTree = "<group>"; };
		2D64E72E52A54DE58AACDEFF /* API.graphql.swift */ = {isa = PBXFileReference; fileEncoding = 4; lastKnownFileType = sourcecode.swift; path = API.graphql.swift; sourceTree = "<group>"; };
		2D64E8004FA1585BA12AB539 /* apollo-codegen-config.json */ = {isa = PBXFileReference; fileEncoding = 4; lastKnownFileType = text.json; path = "apollo-codegen-config.json"; sourceTree = "<group>"; };
		2D64E8D1544EEBCFE89BE986 /* Search.swift */ = {isa = PBXFileReference; fileEncoding = 4; lastKnownFileType = sourcecode.swift; path = Search.swift; sourceTree = "<group>"; };
		2D64E991397ABFBAA0CCB04B /* search.graphql */ = {isa = PBXFileReference; lastKnownFileType = file.graphql; path = search.graphql; sourceTree = "<group>"; };
		2D64E9AA1E75A14695918908 /* Assets.xcassets */ = {isa = PBXFileReference; lastKnownFileType = folder.assetcatalog; path = Assets.xcassets; sourceTree = "<group>"; };
		2D64EA392C7B14552679FE6E /* AuthenticationProvider.swift */ = {isa = PBXFileReference; fileEncoding = 4; lastKnownFileType = sourcecode.swift; path = AuthenticationProvider.swift; sourceTree = "<group>"; };
		2D64EA55186CD532816176C8 /* Viewer.swift */ = {isa = PBXFileReference; fileEncoding = 4; lastKnownFileType = sourcecode.swift; path = Viewer.swift; sourceTree = "<group>"; };
		2D64EA9233A8B9EF04CD9A0C /* section.graphql */ = {isa = PBXFileReference; lastKnownFileType = file.graphql; path = section.graphql; sourceTree = "<group>"; };
		2D64EBA328C8295E8DE0B064 /* config.graphql */ = {isa = PBXFileReference; lastKnownFileType = file.graphql; path = config.graphql; sourceTree = "<group>"; };
		2D64EC95DA7A0E51573DC051 /* Live.swift */ = {isa = PBXFileReference; fileEncoding = 4; lastKnownFileType = sourcecode.swift; path = Live.swift; sourceTree = "<group>"; };
		2D64ECF03910A399CCB4894D /* Settings.swift */ = {isa = PBXFileReference; fileEncoding = 4; lastKnownFileType = sourcecode.swift; path = Settings.swift; sourceTree = "<group>"; };
		2D64ED5CD0F006989283F50E /* ItemList.swift */ = {isa = PBXFileReference; fileEncoding = 4; lastKnownFileType = sourcecode.swift; path = ItemList.swift; sourceTree = "<group>"; };
		2D64EDB7C7CC093B3800C7EB /* .gitignore */ = {isa = PBXFileReference; lastKnownFileType = file.gitignore; path = .gitignore; sourceTree = "<group>"; };
		2D64EF54DB7C36BB151F58B2 /* FeaturedSection.swift */ = {isa = PBXFileReference; fileEncoding = 4; lastKnownFileType = sourcecode.swift; path = FeaturedSection.swift; sourceTree = "<group>"; };
		8A4A779ED0A8CE0CEDE3D87E /* Pods-BCC Media.release.xcconfig */ = {isa = PBXFileReference; includeInIndex = 1; lastKnownFileType = text.xcconfig; name = "Pods-BCC Media.release.xcconfig"; path = "Target Support Files/Pods-BCC Media/Pods-BCC Media.release.xcconfig"; sourceTree = "<group>"; };
/* End PBXFileReference section */

/* Begin PBXFrameworksBuildPhase section */
		2D64EFB695C83636A4673F9B /* Frameworks */ = {
			isa = PBXFrameworksBuildPhase;
			buildActionMask = 2147483647;
			files = (
			);
			runOnlyForDeploymentPostprocessing = 0;
		};
/* End PBXFrameworksBuildPhase section */

/* Begin PBXGroup section */
		09113AFE29C081710087B9A2 /* Page */ = {
			isa = PBXGroup;
			children = (
				09113AFF29C081810087B9A2 /* View.swift */,
			);
			path = Page;
			sourceTree = "<group>";
		};
		091D4F0629EEB5E900B67232 /* Schema */ = {
			isa = PBXGroup;
			children = (
				091D4F0729EEB5E900B67232 /* Unions */,
				091D4F0929EEB5E900B67232 /* CustomScalars */,
				091D4F0B29EEB5E900B67232 /* Enums */,
				091D4F0D29EEB5E900B67232 /* Objects */,
				091D4F3929EEB5E900B67232 /* SchemaConfiguration.swift */,
				091D4F3A29EEB5E900B67232 /* SchemaMetadata.graphql.swift */,
				091D4F3B29EEB5E900B67232 /* Interfaces */,
			);
			name = Schema;
			path = API/Schema;
			sourceTree = "<group>";
		};
		091D4F0729EEB5E900B67232 /* Unions */ = {
			isa = PBXGroup;
			children = (
				091D4F0829EEB5E900B67232 /* SectionItemType.graphql.swift */,
			);
			path = Unions;
			sourceTree = "<group>";
		};
		091D4F0929EEB5E900B67232 /* CustomScalars */ = {
			isa = PBXGroup;
			children = (
				091D4F0A29EEB5E900B67232 /* Language.swift */,
			);
			path = CustomScalars;
			sourceTree = "<group>";
		};
		091D4F0B29EEB5E900B67232 /* Enums */ = {
			isa = PBXGroup;
			children = (
				091D4F0C29EEB5E900B67232 /* StreamType.graphql.swift */,
			);
			path = Enums;
			sourceTree = "<group>";
		};
		091D4F0D29EEB5E900B67232 /* Objects */ = {
			isa = PBXGroup;
			children = (
				091D4F0E29EEB5E900B67232 /* Show.graphql.swift */,
				091D4F0F29EEB5E900B67232 /* Link.graphql.swift */,
				091D4F1029EEB5E900B67232 /* FeaturedSection.graphql.swift */,
				091D4F1129EEB5E900B67232 /* SectionPagination.graphql.swift */,
				091D4F1229EEB5E900B67232 /* CardSection.graphql.swift */,
				091D4F1329EEB5E900B67232 /* SectionItem.graphql.swift */,
				091D4F1429EEB5E900B67232 /* TaskPagination.graphql.swift */,
				091D4F1529EEB5E900B67232 /* SeasonPagination.graphql.swift */,
				091D4F1629EEB5E900B67232 /* DefaultSection.graphql.swift */,
				091D4F1729EEB5E900B67232 /* PosterGridSection.graphql.swift */,
				091D4F1829EEB5E900B67232 /* PageDetailsSection.graphql.swift */,
				091D4F1929EEB5E900B67232 /* AchievementGroupPagination.graphql.swift */,
				091D4F1A29EEB5E900B67232 /* Stream.graphql.swift */,
				091D4F1B29EEB5E900B67232 /* StudyTopic.graphql.swift */,
				091D4F1C29EEB5E900B67232 /* AchievementSection.graphql.swift */,
				091D4F1D29EEB5E900B67232 /* SearchResult.graphql.swift */,
				091D4F1E29EEB5E900B67232 /* EpisodePagination.graphql.swift */,
				091D4F1F29EEB5E900B67232 /* IconGridSection.graphql.swift */,
				091D4F2029EEB5E900B67232 /* UserCollectionEntryPagination.graphql.swift */,
				091D4F2129EEB5E900B67232 /* DefaultGridSection.graphql.swift */,
				091D4F2229EEB5E900B67232 /* QueryRoot.graphql.swift */,
				091D4F2329EEB5E900B67232 /* ListSection.graphql.swift */,
				091D4F2429EEB5E900B67232 /* PosterSection.graphql.swift */,
				091D4F2529EEB5E900B67232 /* CardListSection.graphql.swift */,
				091D4F2629EEB5E900B67232 /* EpisodeSearchItem.graphql.swift */,
				091D4F2729EEB5E900B67232 /* SurveyQuestionPagination.graphql.swift */,
				091D4F2829EEB5E900B67232 /* Season.graphql.swift */,
				091D4F2929EEB5E900B67232 /* CollectionItemPagination.graphql.swift */,
				091D4F2A29EEB5E900B67232 /* Episode.graphql.swift */,
				091D4F2B29EEB5E900B67232 /* IconSection.graphql.swift */,
				091D4F2C29EEB5E900B67232 /* Page.graphql.swift */,
				091D4F2D29EEB5E900B67232 /* ShowSearchItem.graphql.swift */,
				091D4F2E29EEB5E900B67232 /* LinkPagination.graphql.swift */,
				091D4F2F29EEB5E900B67232 /* MessageSection.graphql.swift */,
				091D4F3029EEB5E900B67232 /* AchievementPagination.graphql.swift */,
				091D4F3129EEB5E900B67232 /* FAQCategoryPagination.graphql.swift */,
				091D4F3229EEB5E900B67232 /* Application.graphql.swift */,
				091D4F3329EEB5E900B67232 /* SeasonSearchItem.graphql.swift */,
				091D4F3429EEB5E900B67232 /* LabelSection.graphql.swift */,
				091D4F3529EEB5E900B67232 /* WebSection.graphql.swift */,
				091D4F3629EEB5E900B67232 /* SectionItemPagination.graphql.swift */,
				091D4F3729EEB5E900B67232 /* LessonPagination.graphql.swift */,
				091D4F3829EEB5E900B67232 /* QuestionPagination.graphql.swift */,
			);
			path = Objects;
			sourceTree = "<group>";
		};
		091D4F3B29EEB5E900B67232 /* Interfaces */ = {
			isa = PBXGroup;
			children = (
				091D4F3C29EEB5E900B67232 /* GridSection.graphql.swift */,
				091D4F3D29EEB5E900B67232 /* Section.graphql.swift */,
				091D4F3E29EEB5E900B67232 /* Pagination.graphql.swift */,
				091D4F3F29EEB5E900B67232 /* ItemSection.graphql.swift */,
				091D4F4029EEB5E900B67232 /* SearchResultItem.graphql.swift */,
			);
			path = Interfaces;
			sourceTree = "<group>";
		};
		091D4F4129EEB5E900B67232 /* Fragments */ = {
			isa = PBXGroup;
			children = (
				091D4F4229EEB5E900B67232 /* ItemSectionFragment.graphql.swift */,
			);
			name = Fragments;
			path = API/Fragments;
			sourceTree = "<group>";
		};
		091D4F4329EEB5E900B67232 /* Operations */ = {
			isa = PBXGroup;
			children = (
				091D4F4429EEB5E900B67232 /* Queries */,
			);
			name = Operations;
			path = API/Operations;
			sourceTree = "<group>";
		};
		091D4F4429EEB5E900B67232 /* Queries */ = {
			isa = PBXGroup;
			children = (
				091D4F4529EEB5E900B67232 /* SearchQuery.graphql.swift */,
				091D4F4629EEB5E900B67232 /* GetEpisodeQuery.graphql.swift */,
				091D4F4729EEB5E900B67232 /* GetConfigQuery.graphql.swift */,
				091D4F4829EEB5E900B67232 /* GetPageQuery.graphql.swift */,
				091D4F4929EEB5E900B67232 /* GetApplicationQuery.graphql.swift */,
			);
			path = Queries;
			sourceTree = "<group>";
		};
		0943E18429BB363F0016348C /* Components */ = {
			isa = PBXGroup;
			children = (
				09113AFE29C081710087B9A2 /* Page */,
				0943E18529BB364B0016348C /* Sections */,
				2D64EACA7247B2B605E740B3 /* Episodes */,
				2D64EAC0EC80770AAA794BC8 /* List */,
			);
			path = Components;
			sourceTree = "<group>";
		};
		0943E18529BB364B0016348C /* Sections */ = {
			isa = PBXGroup;
			children = (
				0943E18629BB36590016348C /* ItemSection.swift */,
				2D64EF54DB7C36BB151F58B2 /* FeaturedSection.swift */,
				0998F6F629ED4F2500C74B3F /* PosterSection.swift */,
				091D4EEA29EE7C7100B67232 /* DefaultSection.swift */,
				091D4F8529EEBCA800B67232 /* IconSection.swift */,
			);
			path = Sections;
			sourceTree = "<group>";
		};
		2ACB7A53A6D45DE17AB42CCF /* Pods */ = {
			isa = PBXGroup;
			children = (
				268F212B2F84BA3D5AD1D07C /* Pods-BCC Media.debug.xcconfig */,
				8A4A779ED0A8CE0CEDE3D87E /* Pods-BCC Media.release.xcconfig */,
			);
			path = Pods;
			sourceTree = "<group>";
		};
		2D64E14EBB891DB91B70D985 = {
			isa = PBXGroup;
			children = (
				2D64EF38E0F7589C8BE0D636 /* BCC Media */,
				2D64E3B955C71B7E1F13D210 /* Library */,
				2ACB7A53A6D45DE17AB42CCF /* Pods */,
				2D64EDB7C7CC093B3800C7EB /* .gitignore */,
				2D64E8004FA1585BA12AB539 /* apollo-codegen-config.json */,
				2D64E6A3CB798D4782033F09 /* .graphqlconfig */,
				2D64E027F4FB0C8D21E74DEA /* Makefile */,
				0998F6F529ED4CEB00C74B3F /* BCC Media.app */,
			);
			sourceTree = "<group>";
		};
		2D64E19D36A6090129A15393 /* Queries */ = {
			isa = PBXGroup;
			children = (
				2D64E60BE8A8BC49651E1EDB /* page.graphql */,
				2D64E27BFD5171F13EB6CD3C /* episode.graphql */,
				2D64E991397ABFBAA0CCB04B /* search.graphql */,
				2D64EBA328C8295E8DE0B064 /* config.graphql */,
				2D64EA9233A8B9EF04CD9A0C /* section.graphql */,
				09F503FC29ED3CA900D09674 /* application.graphql */,
			);
			path = Queries;
			sourceTree = "<group>";
		};
		2D64E22E44F7DA7C709CE617 /* Views */ = {
			isa = PBXGroup;
			children = (
				2D64E8D1544EEBCFE89BE986 /* Search.swift */,
				2D64ECF03910A399CCB4894D /* Settings.swift */,
				2D64EC95DA7A0E51573DC051 /* Live.swift */,
				09E03AD129C887DF009329FF /* SignIn.swift */,
			);
			path = Views;
			sourceTree = "<group>";
		};
		2D64E3B955C71B7E1F13D210 /* Library */ = {
			isa = PBXGroup;
			children = (
				091D4F4129EEB5E900B67232 /* Fragments */,
				091D4F4329EEB5E900B67232 /* Operations */,
				091D4F0629EEB5E900B67232 /* Schema */,
				2D64E4AB1476BF314B7AEBC9 /* API */,
				2D64EA392C7B14552679FE6E /* AuthenticationProvider.swift */,
				2D64E19D36A6090129A15393 /* Queries */,
			);
			path = Library;
			sourceTree = SOURCE_ROOT;
		};
		2D64E4AB1476BF314B7AEBC9 /* API */ = {
			isa = PBXGroup;
			children = (
				2D64E25DC70962DAFF7E7B4A /* Client.swift */,
				2D64E72E52A54DE58AACDEFF /* API.graphql.swift */,
			);
			path = API;
			sourceTree = "<group>";
		};
		2D64EAC0EC80770AAA794BC8 /* List */ = {
			isa = PBXGroup;
			children = (
				2D64ED5CD0F006989283F50E /* ItemList.swift */,
			);
			path = List;
			sourceTree = "<group>";
		};
		2D64EACA7247B2B605E740B3 /* Episodes */ = {
			isa = PBXGroup;
			children = (
				2D64EA55186CD532816176C8 /* Viewer.swift */,
				097D6EBB29F003310007E4FB /* Player.swift */,
			);
			path = Episodes;
			sourceTree = "<group>";
		};
		2D64EF38E0F7589C8BE0D636 /* BCC Media */ = {
			isa = PBXGroup;
			children = (
				09F503FA29ED3C2900D09674 /* Auth0.plist */,
				2D64E2030CD962DA48716017 /* BCCMediaApp.swift */,
				2D64E460594AD4CC96AE76A4 /* ContentView.swift */,
				2D64E9AA1E75A14695918908 /* Assets.xcassets */,
				0943E18429BB363F0016348C /* Components */,
				2D64E22E44F7DA7C709CE617 /* Views */,
			);
			path = "BCC Media";
			sourceTree = SOURCE_ROOT;
		};
/* End PBXGroup section */

/* Begin PBXNativeTarget section */
		2D64EA587FBE70E8C0392EF8 /* BCC Media */ = {
			isa = PBXNativeTarget;
			buildConfigurationList = 2D64E63D193AD5912C5E7D40 /* Build configuration list for PBXNativeTarget "BCC Media" */;
			buildPhases = (
				BC6125E41AB03328D05449CE /* [CP] Check Pods Manifest.lock */,
				2D64E977F3C74EB889E11FB5 /* Sources */,
				2D64EFB695C83636A4673F9B /* Frameworks */,
				2D64E40409BAE8F8A7B8325D /* Resources */,
				09F2A4E829C9B25100BA9F28 /* Embed Foundation Extensions */,
			);
			buildRules = (
			);
			dependencies = (
			);
			name = "BCC Media";
			productName = appletv;
			productReference = 0998F6F529ED4CEB00C74B3F /* BCC Media.app */;
			productType = "com.apple.product-type.application";
		};
/* End PBXNativeTarget section */

/* Begin PBXProject section */
		2D64E1D850C94864AD6538E2 /* Project object */ = {
			isa = PBXProject;
			attributes = {
				BuildIndependentTargetsInParallel = YES;
				LastSwiftUpdateCheck = 1420;
				LastUpgradeCheck = 1430;
			};
			buildConfigurationList = 2D64E44954A9332356A1F07B /* Build configuration list for PBXProject "BCC Media" */;
			compatibilityVersion = "Xcode 14.0";
			developmentRegion = en;
			hasScannedForEncodings = 0;
			knownRegions = (
				en,
				nb,
				Base,
			);
			mainGroup = 2D64E14EBB891DB91B70D985;
			productRefGroup = 2D64E14EBB891DB91B70D985;
			projectDirPath = "";
			projectRoot = "";
			targets = (
				2D64EA587FBE70E8C0392EF8 /* BCC Media */,
			);
		};
/* End PBXProject section */

/* Begin PBXResourcesBuildPhase section */
		2D64E40409BAE8F8A7B8325D /* Resources */ = {
			isa = PBXResourcesBuildPhase;
			buildActionMask = 2147483647;
			files = (
				09F503FD29ED3CA900D09674 /* application.graphql in Resources */,
				2D64ED9F85682E932301E953 /* Assets.xcassets in Resources */,
				2D64E647BDA05E0920C7DEC0 /* .gitignore in Resources */,
				2D64E34771A263A22B5AC55F /* apollo-codegen-config.json in Resources */,
				09F503FB29ED3C2900D09674 /* Auth0.plist in Resources */,
			);
			runOnlyForDeploymentPostprocessing = 0;
		};
/* End PBXResourcesBuildPhase section */

/* Begin PBXShellScriptBuildPhase section */
		BC6125E41AB03328D05449CE /* [CP] Check Pods Manifest.lock */ = {
			isa = PBXShellScriptBuildPhase;
			buildActionMask = 2147483647;
			files = (
			);
			inputFileListPaths = (
			);
			inputPaths = (
				"${PODS_PODFILE_DIR_PATH}/Podfile.lock",
				"${PODS_ROOT}/Manifest.lock",
			);
			name = "[CP] Check Pods Manifest.lock";
			outputFileListPaths = (
			);
			outputPaths = (
				"$(DERIVED_FILE_DIR)/Pods-BCC Media-checkManifestLockResult.txt",
			);
			runOnlyForDeploymentPostprocessing = 0;
			shellPath = /bin/sh;
			shellScript = "diff \"${PODS_PODFILE_DIR_PATH}/Podfile.lock\" \"${PODS_ROOT}/Manifest.lock\" > /dev/null\nif [ $? != 0 ] ; then\n    # print error to STDERR\n    echo \"error: The sandbox is not in sync with the Podfile.lock. Run 'pod install' or update your CocoaPods installation.\" >&2\n    exit 1\nfi\n# This output is used by Xcode 'outputs' to avoid re-running this script phase.\necho \"SUCCESS\" > \"${SCRIPT_OUTPUT_FILE_0}\"\n";
			showEnvVarsInLog = 0;
		};
/* End PBXShellScriptBuildPhase section */

/* Begin PBXSourcesBuildPhase section */
		2D64E977F3C74EB889E11FB5 /* Sources */ = {
			isa = PBXSourcesBuildPhase;
			buildActionMask = 2147483647;
			files = (
				09113B0029C081810087B9A2 /* View.swift in Sources */,
				091D4F6729EEB5E900B67232 /* Season.graphql.swift in Sources */,
				091D4F6529EEB5E900B67232 /* EpisodeSearchItem.graphql.swift in Sources */,
				2D64E78A38DE97116A7131C3 /* BCCMediaApp.swift in Sources */,
				091D4F5529EEB5E900B67232 /* DefaultSection.graphql.swift in Sources */,
				091D4F6229EEB5E900B67232 /* ListSection.graphql.swift in Sources */,
				091D4F7929EEB5E900B67232 /* SchemaMetadata.graphql.swift in Sources */,
				2D64E760D19676027A4A33F5 /* ContentView.swift in Sources */,
				091D4F7229EEB5E900B67232 /* SeasonSearchItem.graphql.swift in Sources */,
				091D4F5329EEB5E900B67232 /* TaskPagination.graphql.swift in Sources */,
				091D4F4B29EEB5E900B67232 /* Language.swift in Sources */,
				097D6EBC29F003310007E4FB /* Player.swift in Sources */,
				091D4F8029EEB5E900B67232 /* SearchQuery.graphql.swift in Sources */,
				091D4F8429EEB5E900B67232 /* GetApplicationQuery.graphql.swift in Sources */,
				091D4F6E29EEB5E900B67232 /* MessageSection.graphql.swift in Sources */,
				091D4F4F29EEB5E900B67232 /* FeaturedSection.graphql.swift in Sources */,
				091D4F6429EEB5E900B67232 /* CardListSection.graphql.swift in Sources */,
				091D4F8329EEB5E900B67232 /* GetPageQuery.graphql.swift in Sources */,
				091D4F5629EEB5E900B67232 /* PosterGridSection.graphql.swift in Sources */,
				091D4F7129EEB5E900B67232 /* Application.graphql.swift in Sources */,
				091D4F6D29EEB5E900B67232 /* LinkPagination.graphql.swift in Sources */,
				2D64EE239D92660EB7149279 /* AuthenticationProvider.swift in Sources */,
				091D4F8229EEB5E900B67232 /* GetConfigQuery.graphql.swift in Sources */,
				091D4F8729EEBD1400B67232 /* IconSection.swift in Sources */,
				091D4F6829EEB5E900B67232 /* CollectionItemPagination.graphql.swift in Sources */,
				091D4F6129EEB5E900B67232 /* QueryRoot.graphql.swift in Sources */,
				091D4F6B29EEB5E900B67232 /* Page.graphql.swift in Sources */,
				091D4F6C29EEB5E900B67232 /* ShowSearchItem.graphql.swift in Sources */,
				091D4F7B29EEB5E900B67232 /* Section.graphql.swift in Sources */,
				09E03AD229C887DF009329FF /* SignIn.swift in Sources */,
				0943E18729BB36590016348C /* ItemSection.swift in Sources */,
				091D4F7E29EEB5E900B67232 /* SearchResultItem.graphql.swift in Sources */,
				091D4F4C29EEB5E900B67232 /* StreamType.graphql.swift in Sources */,
				091D4F8129EEB5E900B67232 /* GetEpisodeQuery.graphql.swift in Sources */,
				091D4F7629EEB5E900B67232 /* LessonPagination.graphql.swift in Sources */,
				091D4F5B29EEB5E900B67232 /* AchievementSection.graphql.swift in Sources */,
				091D4F7F29EEB5E900B67232 /* ItemSectionFragment.graphql.swift in Sources */,
				2D64E267FC015A68C1B39A70 /* Client.swift in Sources */,
				091D4F4A29EEB5E900B67232 /* SectionItemType.graphql.swift in Sources */,
				091D4F5729EEB5E900B67232 /* PageDetailsSection.graphql.swift in Sources */,
				091D4F4E29EEB5E900B67232 /* Link.graphql.swift in Sources */,
				2D64EB01141BDD3E26A44A52 /* API.graphql.swift in Sources */,
				2D64EA29005F0263D6C3B55E /* Viewer.swift in Sources */,
				091D4F6629EEB5E900B67232 /* SurveyQuestionPagination.graphql.swift in Sources */,
				091D4F5829EEB5E900B67232 /* AchievementGroupPagination.graphql.swift in Sources */,
				091D4F6A29EEB5E900B67232 /* IconSection.graphql.swift in Sources */,
				091D4F5429EEB5E900B67232 /* SeasonPagination.graphql.swift in Sources */,
				091D4F6029EEB5E900B67232 /* DefaultGridSection.graphql.swift in Sources */,
				091D4F5229EEB5E900B67232 /* SectionItem.graphql.swift in Sources */,
				091D4F7729EEB5E900B67232 /* QuestionPagination.graphql.swift in Sources */,
				091D4F5D29EEB5E900B67232 /* EpisodePagination.graphql.swift in Sources */,
				091D4F5C29EEB5E900B67232 /* SearchResult.graphql.swift in Sources */,
				091D4EEB29EE7C7100B67232 /* DefaultSection.swift in Sources */,
				091D4F5029EEB5E900B67232 /* SectionPagination.graphql.swift in Sources */,
				091D4F5F29EEB5E900B67232 /* UserCollectionEntryPagination.graphql.swift in Sources */,
				091D4F7A29EEB5E900B67232 /* GridSection.graphql.swift in Sources */,
				091D4F5129EEB5E900B67232 /* CardSection.graphql.swift in Sources */,
				091D4F7029EEB5E900B67232 /* FAQCategoryPagination.graphql.swift in Sources */,
				091D4F7429EEB5E900B67232 /* WebSection.graphql.swift in Sources */,
				091D4F5929EEB5E900B67232 /* Stream.graphql.swift in Sources */,
				2D64EC85401AF8C1D2388AE7 /* Search.swift in Sources */,
				091D4F6929EEB5E900B67232 /* Episode.graphql.swift in Sources */,
				2D64E1490AEFDC0AFB644FD8 /* Settings.swift in Sources */,
				091D4F7C29EEB5E900B67232 /* Pagination.graphql.swift in Sources */,
				2D64ECB6DCDA4680003C7B61 /* ItemList.swift in Sources */,
				091D4F6329EEB5E900B67232 /* PosterSection.graphql.swift in Sources */,
				091D4F7829EEB5E900B67232 /* SchemaConfiguration.swift in Sources */,
				2D64E942E241ADF5F1CC8653 /* Live.swift in Sources */,
				091D4F6F29EEB5E900B67232 /* AchievementPagination.graphql.swift in Sources */,
				091D4F7529EEB5E900B67232 /* SectionItemPagination.graphql.swift in Sources */,
				2D64ECB93F166B34429F7189 /* FeaturedSection.swift in Sources */,
				091D4F7329EEB5E900B67232 /* LabelSection.graphql.swift in Sources */,
				091D4F5E29EEB5E900B67232 /* IconGridSection.graphql.swift in Sources */,
				091D4F5A29EEB5E900B67232 /* StudyTopic.graphql.swift in Sources */,
				091D4F7D29EEB5E900B67232 /* ItemSection.graphql.swift in Sources */,
				0998F6F729ED4F2500C74B3F /* PosterSection.swift in Sources */,
				091D4F4D29EEB5E900B67232 /* Show.graphql.swift in Sources */,
			);
			runOnlyForDeploymentPostprocessing = 0;
		};
/* End PBXSourcesBuildPhase section */

/* Begin XCBuildConfiguration section */
		2D64E048413A976EE07D5D0D /* Release */ = {
			isa = XCBuildConfiguration;
			baseConfigurationReference = 8A4A779ED0A8CE0CEDE3D87E /* Pods-BCC Media.release.xcconfig */;
			buildSettings = {
				ASSETCATALOG_COMPILER_APPICON_NAME = "App Icon & Top Shelf Image";
				ASSETCATALOG_COMPILER_GLOBAL_ACCENT_COLOR_NAME = AccentColor;
				CURRENT_PROJECT_VERSION = 1;
				DEVELOPMENT_ASSET_PATHS = "";
				DEVELOPMENT_TEAM = TRTNB29F98;
				ENABLE_PREVIEWS = YES;
				GENERATE_INFOPLIST_FILE = YES;
				INFOPLIST_KEY_CFBundleDisplayName = App;
				INFOPLIST_KEY_UILaunchScreen_Generation = YES;
				INFOPLIST_KEY_UIUserInterfaceStyle = Automatic;
				LD_RUNPATH_SEARCH_PATHS = (
					"$(inherited)",
					"@executable_path/Frameworks",
				);
				MARKETING_VERSION = 0.0.1;
				OTHER_LDFLAGS = (
					"$(inherited)",
					"-ObjC",
					"-l\"Apollo\"",
					"-l\"Auth0\"",
					"-l\"JWTDecode\"",
					"-l\"SimpleKeychain\"",
				);
				PRODUCT_BUNDLE_IDENTIFIER = bcc.media.appletv;
				PRODUCT_NAME = "$(TARGET_NAME)";
				SWIFT_EMIT_LOC_STRINGS = YES;
				SWIFT_VERSION = 5.0;
				TARGETED_DEVICE_FAMILY = 3;
			};
			name = Release;
		};
		2D64E51A8B2C2D9541EC47D7 /* Release */ = {
			isa = XCBuildConfiguration;
			buildSettings = {
				ALWAYS_SEARCH_USER_PATHS = NO;
				CLANG_ANALYZER_LOCALIZABILITY_NONLOCALIZED = YES;
				CLANG_ANALYZER_NONNULL = YES;
				CLANG_ANALYZER_NUMBER_OBJECT_CONVERSION = YES_AGGRESSIVE;
				CLANG_CXX_LANGUAGE_STANDARD = "gnu++20";
				CLANG_ENABLE_MODULES = YES;
				CLANG_ENABLE_OBJC_ARC = YES;
				CLANG_ENABLE_OBJC_WEAK = YES;
				CLANG_WARN_BLOCK_CAPTURE_AUTORELEASING = YES;
				CLANG_WARN_BOOL_CONVERSION = YES;
				CLANG_WARN_COMMA = YES;
				CLANG_WARN_CONSTANT_CONVERSION = YES;
				CLANG_WARN_DEPRECATED_OBJC_IMPLEMENTATIONS = YES;
				CLANG_WARN_DIRECT_OBJC_ISA_USAGE = YES_ERROR;
				CLANG_WARN_DOCUMENTATION_COMMENTS = YES;
				CLANG_WARN_EMPTY_BODY = YES;
				CLANG_WARN_ENUM_CONVERSION = YES;
				CLANG_WARN_INFINITE_RECURSION = YES;
				CLANG_WARN_INT_CONVERSION = YES;
				CLANG_WARN_NON_LITERAL_NULL_CONVERSION = YES;
				CLANG_WARN_OBJC_IMPLICIT_RETAIN_SELF = YES;
				CLANG_WARN_OBJC_LITERAL_CONVERSION = YES;
				CLANG_WARN_OBJC_ROOT_CLASS = YES_ERROR;
				CLANG_WARN_QUOTED_INCLUDE_IN_FRAMEWORK_HEADER = YES;
				CLANG_WARN_RANGE_LOOP_ANALYSIS = YES;
				CLANG_WARN_STRICT_PROTOTYPES = YES;
				CLANG_WARN_SUSPICIOUS_MOVE = YES;
				CLANG_WARN_UNGUARDED_AVAILABILITY = YES_AGGRESSIVE;
				CLANG_WARN_UNREACHABLE_CODE = YES;
				CLANG_WARN__DUPLICATE_METHOD_MATCH = YES;
				COPY_PHASE_STRIP = NO;
				DEBUG_INFORMATION_FORMAT = "dwarf-with-dsym";
				ENABLE_NS_ASSERTIONS = NO;
				ENABLE_STRICT_OBJC_MSGSEND = YES;
				GCC_C_LANGUAGE_STANDARD = gnu11;
				GCC_NO_COMMON_BLOCKS = YES;
				GCC_WARN_64_TO_32_BIT_CONVERSION = YES;
				GCC_WARN_ABOUT_RETURN_TYPE = YES_ERROR;
				GCC_WARN_UNDECLARED_SELECTOR = YES;
				GCC_WARN_UNINITIALIZED_AUTOS = YES_AGGRESSIVE;
				GCC_WARN_UNUSED_FUNCTION = YES;
				GCC_WARN_UNUSED_VARIABLE = YES;
				MTL_ENABLE_DEBUG_INFO = NO;
				MTL_FAST_MATH = YES;
				SDKROOT = appletvos;
				SWIFT_COMPILATION_MODE = wholemodule;
				SWIFT_OPTIMIZATION_LEVEL = "-O";
				TVOS_DEPLOYMENT_TARGET = 16.1;
				VALIDATE_PRODUCT = YES;
			};
			name = Release;
		};
		2D64EBBC942D1316DB8AEF69 /* Debug */ = {
			isa = XCBuildConfiguration;
			buildSettings = {
				ALWAYS_SEARCH_USER_PATHS = NO;
				CLANG_ANALYZER_LOCALIZABILITY_NONLOCALIZED = YES;
				CLANG_ANALYZER_NONNULL = YES;
				CLANG_ANALYZER_NUMBER_OBJECT_CONVERSION = YES_AGGRESSIVE;
				CLANG_CXX_LANGUAGE_STANDARD = "gnu++20";
				CLANG_ENABLE_MODULES = YES;
				CLANG_ENABLE_OBJC_ARC = YES;
				CLANG_ENABLE_OBJC_WEAK = YES;
				CLANG_WARN_BLOCK_CAPTURE_AUTORELEASING = YES;
				CLANG_WARN_BOOL_CONVERSION = YES;
				CLANG_WARN_COMMA = YES;
				CLANG_WARN_CONSTANT_CONVERSION = YES;
				CLANG_WARN_DEPRECATED_OBJC_IMPLEMENTATIONS = YES;
				CLANG_WARN_DIRECT_OBJC_ISA_USAGE = YES_ERROR;
				CLANG_WARN_DOCUMENTATION_COMMENTS = YES;
				CLANG_WARN_EMPTY_BODY = YES;
				CLANG_WARN_ENUM_CONVERSION = YES;
				CLANG_WARN_INFINITE_RECURSION = YES;
				CLANG_WARN_INT_CONVERSION = YES;
				CLANG_WARN_NON_LITERAL_NULL_CONVERSION = YES;
				CLANG_WARN_OBJC_IMPLICIT_RETAIN_SELF = YES;
				CLANG_WARN_OBJC_LITERAL_CONVERSION = YES;
				CLANG_WARN_OBJC_ROOT_CLASS = YES_ERROR;
				CLANG_WARN_QUOTED_INCLUDE_IN_FRAMEWORK_HEADER = YES;
				CLANG_WARN_RANGE_LOOP_ANALYSIS = YES;
				CLANG_WARN_STRICT_PROTOTYPES = YES;
				CLANG_WARN_SUSPICIOUS_MOVE = YES;
				CLANG_WARN_UNGUARDED_AVAILABILITY = YES_AGGRESSIVE;
				CLANG_WARN_UNREACHABLE_CODE = YES;
				CLANG_WARN__DUPLICATE_METHOD_MATCH = YES;
				COPY_PHASE_STRIP = NO;
				DEBUG_INFORMATION_FORMAT = dwarf;
				ENABLE_STRICT_OBJC_MSGSEND = YES;
				ENABLE_TESTABILITY = YES;
				GCC_C_LANGUAGE_STANDARD = gnu11;
				GCC_DYNAMIC_NO_PIC = NO;
				GCC_NO_COMMON_BLOCKS = YES;
				GCC_OPTIMIZATION_LEVEL = 0;
				GCC_PREPROCESSOR_DEFINITIONS = (
					"DEBUG=1",
					"$(inherited)",
				);
				GCC_WARN_64_TO_32_BIT_CONVERSION = YES;
				GCC_WARN_ABOUT_RETURN_TYPE = YES_ERROR;
				GCC_WARN_UNDECLARED_SELECTOR = YES;
				GCC_WARN_UNINITIALIZED_AUTOS = YES_AGGRESSIVE;
				GCC_WARN_UNUSED_FUNCTION = YES;
				GCC_WARN_UNUSED_VARIABLE = YES;
				MTL_ENABLE_DEBUG_INFO = INCLUDE_SOURCE;
				MTL_FAST_MATH = YES;
				ONLY_ACTIVE_ARCH = YES;
				SDKROOT = appletvos;
				SWIFT_ACTIVE_COMPILATION_CONDITIONS = DEBUG;
				SWIFT_OPTIMIZATION_LEVEL = "-Onone";
				TVOS_DEPLOYMENT_TARGET = 16.1;
			};
			name = Debug;
		};
		2D64ECAD4394F8639804D737 /* Debug */ = {
			isa = XCBuildConfiguration;
			baseConfigurationReference = 268F212B2F84BA3D5AD1D07C /* Pods-BCC Media.debug.xcconfig */;
			buildSettings = {
				ASSETCATALOG_COMPILER_APPICON_NAME = "App Icon & Top Shelf Image";
				ASSETCATALOG_COMPILER_GLOBAL_ACCENT_COLOR_NAME = AccentColor;
				CURRENT_PROJECT_VERSION = 1;
				DEVELOPMENT_ASSET_PATHS = "";
				DEVELOPMENT_TEAM = TRTNB29F98;
				ENABLE_PREVIEWS = YES;
				GENERATE_INFOPLIST_FILE = YES;
				INFOPLIST_KEY_CFBundleDisplayName = App;
				INFOPLIST_KEY_UILaunchScreen_Generation = YES;
				INFOPLIST_KEY_UIUserInterfaceStyle = Automatic;
				LD_RUNPATH_SEARCH_PATHS = (
					"$(inherited)",
					"@executable_path/Frameworks",
				);
				MARKETING_VERSION = 0.0.1;
				OTHER_LDFLAGS = (
					"$(inherited)",
					"-ObjC",
					"-l\"Apollo\"",
					"-l\"Auth0\"",
					"-l\"JWTDecode\"",
					"-l\"SimpleKeychain\"",
				);
				PRODUCT_BUNDLE_IDENTIFIER = bcc.media.appletv;
				PRODUCT_NAME = "$(TARGET_NAME)";
				SWIFT_EMIT_LOC_STRINGS = YES;
				SWIFT_VERSION = 5.0;
				TARGETED_DEVICE_FAMILY = 3;
			};
			name = Debug;
		};
/* End XCBuildConfiguration section */

/* Begin XCConfigurationList section */
		2D64E44954A9332356A1F07B /* Build configuration list for PBXProject "BCC Media" */ = {
			isa = XCConfigurationList;
			buildConfigurations = (
				2D64EBBC942D1316DB8AEF69 /* Debug */,
				2D64E51A8B2C2D9541EC47D7 /* Release */,
			);
			defaultConfigurationIsVisible = 0;
			defaultConfigurationName = Release;
		};
		2D64E63D193AD5912C5E7D40 /* Build configuration list for PBXNativeTarget "BCC Media" */ = {
			isa = XCConfigurationList;
			buildConfigurations = (
				2D64ECAD4394F8639804D737 /* Debug */,
				2D64E048413A976EE07D5D0D /* Release */,
			);
			defaultConfigurationIsVisible = 0;
			defaultConfigurationName = Release;
		};
/* End XCConfigurationList section */
	};
	rootObject = 2D64E1D850C94864AD6538E2 /* Project object */;
}
