{
  "pins" : [
    {
      "identity" : "apollo-ios",
      "kind" : "remoteSourceControl",
      "location" : "https://github.com/apollographql/apollo-ios.git",
      "state" : {
        "revision" : "ff54632b8740ecfb858bae4630d822e615c7ef1c",
        "version" : "1.8.0"
      }
    },
    {
      "identity" : "auth0.swift",
      "kind" : "remoteSourceControl",
      "location" : "https://github.com/auth0/Auth0.swift",
      "state" : {
        "revision" : "9d970f3f5a694a146724e055c7932808a274d96e",
        "version" : "2.5.0"
      }
    },
    {
      "identity" : "jwtdecode.swift",
      "kind" : "remoteSourceControl",
      "location" : "https://github.com/auth0/JWTDecode.swift.git",
      "state" : {
        "revision" : "58af7278797871e460d79496621b3e5366b865b2",
        "version" : "3.1.0"
      }
    },
    {
      "identity" : "plugin-ios",
      "kind" : "remoteSourceControl",
      "location" : "https://repo.plugin.npaw.com/release/plugin-ios.git",
      "state" : {
        "revision" : "7376b24a5738a589d82584fe969a2cf09a6dad67",
        "version" : "7.2.2"
      }
    },
    {
      "identity" : "rudder-sdk-ios",
      "kind" : "remoteSourceControl",
      "location" : "https://github.com/rudderlabs/rudder-sdk-ios",
      "state" : {
        "revision" : "17627074e149b024a960e7a475747b90743bb6ab",
        "version" : "2.4.2"
      }
    },
    {
      "identity" : "simplekeychain",
      "kind" : "remoteSourceControl",
      "location" : "https://github.com/auth0/SimpleKeychain.git",
      "state" : {
        "revision" : "f082494aab8056139a4fe234c920a9f92f681aff",
        "version" : "1.1.0"
      }
    },
    {
      "identity" : "sqlite.swift",
      "kind" : "remoteSourceControl",
      "location" : "https://github.com/stephencelis/SQLite.swift.git",
      "state" : {
        "revision" : "7a2e3cd27de56f6d396e84f63beefd0267b55ccb",
        "version" : "0.14.1"
      }
    },
    {
      "identity" : "swifteventbus",
      "kind" : "remoteSourceControl",
      "location" : "https://github.com/cesarferreira/SwiftEventBus.git",
      "state" : {
        "revision" : "a30ff35e616f507d8a8d122dac32a2150371a87e",
        "version" : "5.1.0"
      }
    },
    {
      "identity" : "unleash-proxy-client-swift",
      "kind" : "remoteSourceControl",
      "location" : "https://github.com/Unleash/unleash-proxy-client-swift",
      "state" : {
        "revision" : "f1ae08fa37c1385c0581fef4161143fa0e3423a4",
        "version" : "1.1.1"
      }
    }
  ],
  "version" : 2
}
